// !$*UTF8*$!
{
	archiveVersion = 1;
	classes = {
	};
	objectVersion = 52;
	objects = {

/* Begin PBXBuildFile section */
		AA000001SWIFTUI00000001 /* AboutView.swift in Sources */ = {isa = PBXBuildFile; fileRef = AA000002SWIFTUI00000001 /* AboutView.swift */; };
		3508CC942599FFEC000E3530 /* MenubarTitleProvider.swift in Sources */ = {isa = PBXBuildFile; fileRef = 3508CC932599FFEC000E3530 /* MenubarTitleProvider.swift */; };
		3508CC9A259A0001000E3530 /* StatusItemView.swift in Sources */ = {isa = PBXBuildFile; fileRef = 3508CC99259A0001000E3530 /* StatusItemView.swift */; };
		3508CC9F259A000E000E3530 /* StatusItemHandler.swift in Sources */ = {isa = PBXBuildFile; fileRef = 3508CC9E259A000E000E3530 /* StatusItemHandler.swift */; };
		3508CCAA259A0027000E3530 /* StatusContainerView.swift in Sources */ = {isa = PBXBuildFile; fileRef = 3508CCA9259A0027000E3530 /* StatusContainerView.swift */; };
		35584D1827F0B019006E3EAD /* DateFormatterManagerTests.swift in Sources */ = {isa = PBXBuildFile; fileRef = 35584D1727F0B019006E3EAD /* DateFormatterManagerTests.swift */; };
		35584D1A27F0B64E006E3EAD /* AppDelegateTests.swift in Sources */ = {isa = PBXBuildFile; fileRef = 35584D1927F0B64E006E3EAD /* AppDelegateTests.swift */; };
		AA00000400000002PREFSTB1 /* PreferencesStoryboardTests.swift in Sources */ = {isa = PBXBuildFile; fileRef = AA00000400000001PREFSTB2 /* PreferencesStoryboardTests.swift */; };
		35621CFC27F66C1900926D5C /* SearchDataSourceTests.swift in Sources */ = {isa = PBXBuildFile; fileRef = 35621CFB27F66C1900926D5C /* SearchDataSourceTests.swift */; };
		357391872507277500D30819 /* TimeMarkerViewItem.swift in Sources */ = {isa = PBXBuildFile; fileRef = 357391852507277500D30819 /* TimeMarkerViewItem.swift */; };
		357391882507277500D30819 /* HourMarkerViewItem.xib in Resources */ = {isa = PBXBuildFile; fileRef = 357391862507277500D30819 /* HourMarkerViewItem.xib */; };
		3579765E2680208C009DDA6E /* ParentPanelController+ModernSlider.swift in Sources */ = {isa = PBXBuildFile; fileRef = 3579765D2680208C009DDA6E /* ParentPanelController+ModernSlider.swift */; };
		3595FAD0227F88BC0044A12A /* UserDefaults + KVOExtensions.swift in Sources */ = {isa = PBXBuildFile; fileRef = 3595FACF227F88BC0044A12A /* UserDefaults + KVOExtensions.swift */; };
		35B2FEDD259A2291005DA84D /* CoreLoggerKit in Frameworks */ = {isa = PBXBuildFile; productRef = 35B2FEDC259A2291005DA84D /* CoreLoggerKit */; };
		35B2FEF1259A2DB1005DA84D /* CoreModelKit in Frameworks */ = {isa = PBXBuildFile; productRef = 35B2FEF0259A2DB1005DA84D /* CoreModelKit */; };
		35C36EFB2259616B002FA5C6 /* Solar.swift in Sources */ = {isa = PBXBuildFile; fileRef = 35C36EFA2259616B002FA5C6 /* Solar.swift */; };
		35C36F0E225961DA002FA5C6 /* Date+Bundle.swift in Sources */ = {isa = PBXBuildFile; fileRef = 35C36EFE225961D9002FA5C6 /* Date+Bundle.swift */; };
		35C36F10225961DA002FA5C6 /* Constants.swift in Sources */ = {isa = PBXBuildFile; fileRef = 35C36F00225961D9002FA5C6 /* Constants.swift */; };
		35C36F12225961DA002FA5C6 /* Date+Components.swift in Sources */ = {isa = PBXBuildFile; fileRef = 35C36F02225961DA002FA5C6 /* Date+Components.swift */; };
		35C36F13225961DA002FA5C6 /* Date+TimeAgo.swift in Sources */ = {isa = PBXBuildFile; fileRef = 35C36F03225961DA002FA5C6 /* Date+TimeAgo.swift */; };
		35C36F14225961DA002FA5C6 /* Integer+DateTools.swift in Sources */ = {isa = PBXBuildFile; fileRef = 35C36F04225961DA002FA5C6 /* Integer+DateTools.swift */; };
		35C36F15225961DA002FA5C6 /* TimeChunk.swift in Sources */ = {isa = PBXBuildFile; fileRef = 35C36F05225961DA002FA5C6 /* TimeChunk.swift */; };
		35C36F16225961DA002FA5C6 /* Date+Inits.swift in Sources */ = {isa = PBXBuildFile; fileRef = 35C36F06225961DA002FA5C6 /* Date+Inits.swift */; };
		35C36F17225961DA002FA5C6 /* DateTools.bundle in Resources */ = {isa = PBXBuildFile; fileRef = 35C36F07225961DA002FA5C6 /* DateTools.bundle */; };
		35C36F18225961DA002FA5C6 /* Date+Comparators.swift in Sources */ = {isa = PBXBuildFile; fileRef = 35C36F08225961DA002FA5C6 /* Date+Comparators.swift */; };
		35C36F19225961DA002FA5C6 /* Enums.swift in Sources */ = {isa = PBXBuildFile; fileRef = 35C36F09225961DA002FA5C6 /* Enums.swift */; };
		35C36F1A225961DA002FA5C6 /* Date+Manipulations.swift in Sources */ = {isa = PBXBuildFile; fileRef = 35C36F0A225961DA002FA5C6 /* Date+Manipulations.swift */; };

		35C36F2022596253002FA5C6 /* OneWindowController.swift in Sources */ = {isa = PBXBuildFile; fileRef = 35C36F1E22596253002FA5C6 /* OneWindowController.swift */; };
		35C36F2122596253002FA5C6 /* AppearanceViewController.swift in Sources */ = {isa = PBXBuildFile; fileRef = 35C36F1F22596253002FA5C6 /* AppearanceViewController.swift */; };
		35C36F2B2259D6FA002FA5C6 /* ParentPanelController.swift in Sources */ = {isa = PBXBuildFile; fileRef = 35C36F272259D6FA002FA5C6 /* ParentPanelController.swift */; };
		35C36F2C2259D6FA002FA5C6 /* PanelController.swift in Sources */ = {isa = PBXBuildFile; fileRef = 35C36F282259D6FA002FA5C6 /* PanelController.swift */; };
		35C36F372259D7C3002FA5C6 /* AddTableViewCell.swift in Sources */ = {isa = PBXBuildFile; fileRef = 35C36F322259D7C3002FA5C6 /* AddTableViewCell.swift */; };
		35C36F422259D892002FA5C6 /* Timer.swift in Sources */ = {isa = PBXBuildFile; fileRef = 35C36F3A2259D892002FA5C6 /* Timer.swift */; };
		35C36F452259D892002FA5C6 /* Strings.swift in Sources */ = {isa = PBXBuildFile; fileRef = 35C36F3D2259D892002FA5C6 /* Strings.swift */; };
		35C36F462259D892002FA5C6 /* DataStore.swift in Sources */ = {isa = PBXBuildFile; fileRef = 35C36F3E2259D892002FA5C6 /* DataStore.swift */; };

		35C36F482259D892002FA5C6 /* NetworkManager.swift in Sources */ = {isa = PBXBuildFile; fileRef = 35C36F402259D892002FA5C6 /* NetworkManager.swift */; };
		A1B2C3D4E5F60002SEARCH02 /* TimezoneSearchService.swift in Sources */ = {isa = PBXBuildFile; fileRef = A1B2C3D4E5F60001SEARCH01 /* TimezoneSearchService.swift */; };
		35C36F4B2259D971002FA5C6 /* PointingHandCursorButton.swift in Sources */ = {isa = PBXBuildFile; fileRef = 35C36F4A2259D971002FA5C6 /* PointingHandCursorButton.swift */; };
		35C36F4E2259D981002FA5C6 /* DateFormatterManager.swift in Sources */ = {isa = PBXBuildFile; fileRef = 35C36F4C2259D981002FA5C6 /* DateFormatterManager.swift */; };
		35C36F4F2259D981002FA5C6 /* AppDefaults.swift in Sources */ = {isa = PBXBuildFile; fileRef = 35C36F4D2259D981002FA5C6 /* AppDefaults.swift */; };
		35C36F572259DD8A002FA5C6 /* TimezoneDataSource.swift in Sources */ = {isa = PBXBuildFile; fileRef = 35C36F532259DD8A002FA5C6 /* TimezoneDataSource.swift */; };
		35C36F582259DD8A002FA5C6 /* PanelTableView.swift in Sources */ = {isa = PBXBuildFile; fileRef = 35C36F542259DD8A002FA5C6 /* PanelTableView.swift */; };
		35C36F592259DD8A002FA5C6 /* TimezoneCellView.swift in Sources */ = {isa = PBXBuildFile; fileRef = 35C36F552259DD8A002FA5C6 /* TimezoneCellView.swift */; };
		35C36F5A2259DD8A002FA5C6 /* CustomPanel.swift in Sources */ = {isa = PBXBuildFile; fileRef = 35C36F562259DD8A002FA5C6 /* CustomPanel.swift */; };
		35C36F5D2259DD96002FA5C6 /* TimezoneDataOperations.swift in Sources */ = {isa = PBXBuildFile; fileRef = 35C36F5B2259DD96002FA5C6 /* TimezoneDataOperations.swift */; };
		35C36F6F2259E185002FA5C6 /* CustomSliderCell.swift in Sources */ = {isa = PBXBuildFile; fileRef = 35C36F6C2259E185002FA5C6 /* CustomSliderCell.swift */; };
		35C36F702259E185002FA5C6 /* BackgroundPanelView.swift in Sources */ = {isa = PBXBuildFile; fileRef = 35C36F6D2259E185002FA5C6 /* BackgroundPanelView.swift */; };
		35C36F712259E185002FA5C6 /* NoTimezoneView.swift in Sources */ = {isa = PBXBuildFile; fileRef = 35C36F6E2259E185002FA5C6 /* NoTimezoneView.swift */; };
		35C36F772259E1D0002FA5C6 /* AppKit + Additions.swift in Sources */ = {isa = PBXBuildFile; fileRef = 35C36F742259E1CF002FA5C6 /* AppKit + Additions.swift */; };
		35C36F782259E1D0002FA5C6 /* Foundation + Additions.swift in Sources */ = {isa = PBXBuildFile; fileRef = 35C36F752259E1CF002FA5C6 /* Foundation + Additions.swift */; };
		35C36F792259E1D0002FA5C6 /* String + Additions.swift in Sources */ = {isa = PBXBuildFile; fileRef = 35C36F762259E1CF002FA5C6 /* String + Additions.swift */; };
		35C36F912259EAF4002FA5C6 /* Preferences.storyboard in Resources */ = {isa = PBXBuildFile; fileRef = 35C36F902259EAF4002FA5C6 /* Preferences.storyboard */; };
		35C36FA42259EEC2002FA5C6 /* AppDelegate.swift in Sources */ = {isa = PBXBuildFile; fileRef = 35C36FA32259EEC2002FA5C6 /* AppDelegate.swift */; };
		35E65125268EDD2E00E3E1E3 /* Toasty.swift in Sources */ = {isa = PBXBuildFile; fileRef = 35E65124268EDD2E00E3E1E3 /* Toasty.swift */; };
		9A0385BB269E3434003B5E72 /* StandardMenubarHandlerTests.swift in Sources */ = {isa = PBXBuildFile; fileRef = 9A0385BA269E3434003B5E72 /* StandardMenubarHandlerTests.swift */; };
		9A0A1C8C20903DBD0012003B /* CoreLocation.framework in Frameworks */ = {isa = PBXBuildFile; fileRef = 9A9E87651C1FEDC500A7A2DF /* CoreLocation.framework */; };
		9A13BAD61CA87F08007C6CBE /* Panel.xib in Resources */ = {isa = PBXBuildFile; fileRef = 9A13BAD81CA87F08007C6CBE /* Panel.xib */; };
		9A13BAE01CA882FA007C6CBE /* InfoPlist.strings in Resources */ = {isa = PBXBuildFile; fileRef = 9A13BAE21CA882FA007C6CBE /* InfoPlist.strings */; };
		9A13BAEA1CA88A76007C6CBE /* Localizable.strings in Resources */ = {isa = PBXBuildFile; fileRef = 9A13BAEC1CA88A76007C6CBE /* Localizable.strings */; };
		9A20A04B1C4DEED200FB45AB /* IOKit.framework in Frameworks */ = {isa = PBXBuildFile; fileRef = 9A20A04A1C4DEED200FB45AB /* IOKit.framework */; };
		9A3169C11D2CC5AA0079FDF8 /* com.tpak.MeridianHelper.plist in Resources */ = {isa = PBXBuildFile; fileRef = 9A3169C01D2CC5AA0079FDF8 /* com.tpak.MeridianHelper.plist */; };
		9A43792A1BEC230A00F4E27F /* libc++.tbd in Frameworks */ = {isa = PBXBuildFile; fileRef = 9A4379291BEC230A00F4E27F /* libc++.tbd */; };
		9A56DB801C1CFB73004CE6AF /* MainMenu.xib in Resources */ = {isa = PBXBuildFile; fileRef = 9A56DB7D1C1CFB73004CE6AF /* MainMenu.xib */; };
		9A6D93371CF3E82F005A8690 /* CoreImage.framework in Frameworks */ = {isa = PBXBuildFile; fileRef = 9A6D93361CF3E82F005A8690 /* CoreImage.framework */; settings = {ATTRIBUTES = (Weak, ); }; };
		9A8B256A232EFAD300204CAD /* Localizable.strings in Resources */ = {isa = PBXBuildFile; fileRef = 9A13BAEC1CA88A76007C6CBE /* Localizable.strings */; };
		9A9E87621C1FEDB500A7A2DF /* CFNetwork.framework in Frameworks */ = {isa = PBXBuildFile; fileRef = 9A9E87611C1FEDB500A7A2DF /* CFNetwork.framework */; };
		9A9E876A1C1FEDDB00A7A2DF /* SystemConfiguration.framework in Frameworks */ = {isa = PBXBuildFile; fileRef = 9A9E87691C1FEDDB00A7A2DF /* SystemConfiguration.framework */; };
		9AA522C023415BDD00C9E005 /* InfoPlist.strings in Resources */ = {isa = PBXBuildFile; fileRef = 9AA522BE23415BDD00C9E005 /* InfoPlist.strings */; };
		9AA522C323415BDD00C9E005 /* InfoPlist.strings in Resources */ = {isa = PBXBuildFile; fileRef = 9AA522C123415BDD00C9E005 /* InfoPlist.strings */; };
		9AB6F1582259CFFC00A44663 /* AboutViewController.swift in Sources */ = {isa = PBXBuildFile; fileRef = 9AB6F1572259CFFC00A44663 /* AboutViewController.swift */; };
		9AB6F1612259D1B000A44663 /* PreferencesViewController.swift in Sources */ = {isa = PBXBuildFile; fileRef = 9AB6F15F2259D1B000A44663 /* PreferencesViewController.swift */; };
		818B546B7B8B47D88692CD80 /* GlobalShortcutMonitor.swift in Sources */ = {isa = PBXBuildFile; fileRef = 9FEC776853CC4796AD9A1DC6 /* GlobalShortcutMonitor.swift */; };
		C31BD08A823D4B94BC9C69AC /* ShortcutRecorderButton.swift in Sources */ = {isa = PBXBuildFile; fileRef = E0A19BB308FC4CDEA6F6878A /* ShortcutRecorderButton.swift */; };
		AA1B2C3D0002000000000001 /* TimezoneSortingManager.swift in Sources */ = {isa = PBXBuildFile; fileRef = AA1B2C3D0001000000000001 /* TimezoneSortingManager.swift */; };
		B1C2D3E40002000000TZADD1 /* TimezoneAdditionHandler.swift in Sources */ = {isa = PBXBuildFile; fileRef = B1C2D3E40001000000TZADD2 /* TimezoneAdditionHandler.swift */; };
		9AB6F1622259D1B000A44663 /* PreferencesDataSource.swift in Sources */ = {isa = PBXBuildFile; fileRef = 9AB6F1602259D1B000A44663 /* PreferencesDataSource.swift */; };
		9AB6F1642259D1B900A44663 /* ParentViewController.swift in Sources */ = {isa = PBXBuildFile; fileRef = 9AB6F1632259D1B800A44663 /* ParentViewController.swift */; };
		9AB89E031CE97A4900EC8EB1 /* Media.xcassets in Resources */ = {isa = PBXBuildFile; fileRef = 9AB89E021CE97A4900EC8EB1 /* Media.xcassets */; };
		9ABF455B268FDABA002C779B /* CopyToClipboardTests.swift in Sources */ = {isa = PBXBuildFile; fileRef = 9ABF4559268FDABA002C779B /* CopyToClipboardTests.swift */; };
		9ABFB3801CA6882000E10745 /* ApplicationServices.framework in Frameworks */ = {isa = PBXBuildFile; fileRef = 9ABFB37F1CA6882000E10745 /* ApplicationServices.framework */; };
		9AC678E41C1ABAB9003B4F6B /* QuartzCore.framework in Frameworks */ = {isa = PBXBuildFile; fileRef = 9AC678E31C1ABAB9003B4F6B /* QuartzCore.framework */; settings = {ATTRIBUTES = (Weak, ); }; };
		9ACF469D1DCBD45200C49B51 /* Quartz.framework in Frameworks */ = {isa = PBXBuildFile; fileRef = 9ACF469C1DCBD45200C49B51 /* Quartz.framework */; };
		9ACF618D231DABAE00F5E51E /* SearchDataSource.swift in Sources */ = {isa = PBXBuildFile; fileRef = 9ACF618C231DABAE00F5E51E /* SearchDataSource.swift */; };
		C20839CA21515C1E00C86589 /* ClockerUnitTests.swift in Sources */ = {isa = PBXBuildFile; fileRef = C20839C921515C1E00C86589 /* ClockerUnitTests.swift */; };
		C22F3D802107778A0001D5E1 /* ShortcutTests.swift in Sources */ = {isa = PBXBuildFile; fileRef = C22F3D7F2107778A0001D5E1 /* ShortcutTests.swift */; };
		C264A0C520B897D800CCD875 /* PreferencesTest.swift in Sources */ = {isa = PBXBuildFile; fileRef = C264A0C420B897D800CCD875 /* PreferencesTest.swift */; };
		C264A0C820B898D600CCD875 /* PanelTests.swift in Sources */ = {isa = PBXBuildFile; fileRef = C264A0C720B898D600CCD875 /* PanelTests.swift */; };
		C2CCCD8220619C4C00F2DFC2 /* LocationController.swift in Sources */ = {isa = PBXBuildFile; fileRef = C2CCCD8120619C4C00F2DFC2 /* LocationController.swift */; };
		C2D30A8A210245C6000BFAEE /* ReviewTests.swift in Sources */ = {isa = PBXBuildFile; fileRef = C2D30A89210245C6000BFAEE /* ReviewTests.swift */; };
		C2F7821B20B70E3700B6CD07 /* AboutUsTests.swift in Sources */ = {isa = PBXBuildFile; fileRef = C2F7821A20B70E3700B6CD07 /* AboutUsTests.swift */; };
		DD4F7C0913C30F9F00825C6E /* Cocoa.framework in Frameworks */ = {isa = PBXBuildFile; fileRef = DD4F7C0813C30F9F00825C6E /* Cocoa.framework */; };
		C4A3D93099C54195A921944E /* PanelContextMenu.swift in Sources */ = {isa = PBXBuildFile; fileRef = 527EBAA6C18049AE931DDE49 /* PanelContextMenu.swift */; };
		A1B2C3D400000001MOCK0001 /* MockURLProtocol.swift in Sources */ = {isa = PBXBuildFile; fileRef = A1B2C3D400000002MOCK0002 /* MockURLProtocol.swift */; };
		A1B2C3D400000003NWTEST01 /* NetworkManagerTests.swift in Sources */ = {isa = PBXBuildFile; fileRef = A1B2C3D400000004NWTEST02 /* NetworkManagerTests.swift */; };
		B730E37E4596MOCKDATASTORE /* MockDataStore.swift in Sources */ = {isa = PBXBuildFile; fileRef = B730E37E4596MOCKDATASTO2 /* MockDataStore.swift */; };
		3DEE1440C33BTZSORTINGTST /* TimezoneSortingManagerTests.swift in Sources */ = {isa = PBXBuildFile; fileRef = 3DEE1440C33BTZSORTINGTST2 /* TimezoneSortingManagerTests.swift */; };
		919639F9D2F3GLOBALSHRTCUT /* GlobalShortcutMonitorTests.swift in Sources */ = {isa = PBXBuildFile; fileRef = 919639F9D2F3GLOBALSHRTCU2 /* GlobalShortcutMonitorTests.swift */; };
		4726354D81E1NWMGRASYNCTS /* NetworkManagerAsyncTests.swift in Sources */ = {isa = PBXBuildFile; fileRef = 4726354D81E1NWMGRASYNCT2 /* NetworkManagerAsyncTests.swift */; };
		AA000011MODERN00000001 /* UpcomingEventView.swift in Sources */ = {isa = PBXBuildFile; fileRef = AA000010MODERN00000001 /* UpcomingEventView.swift */; };
		AA000013STARTU00000001 /* StartupManager.swift in Sources */ = {isa = PBXBuildFile; fileRef = AA000012STARTU00000001 /* StartupManager.swift */; };
/* End PBXBuildFile section */

/* Begin PBXContainerItemProxy section */
		C20839CC21515C1F00C86589 /* PBXContainerItemProxy */ = {
			isa = PBXContainerItemProxy;
			containerPortal = DD4F7BFB13C30F9F00825C6E /* Project object */;
			proxyType = 1;
			remoteGlobalIDString = DD4F7C0313C30F9F00825C6E;
			remoteInfo = Clocker;
		};
		C2BFE3E82049F82300825BE5 /* PBXContainerItemProxy */ = {
			isa = PBXContainerItemProxy;
			containerPortal = DD4F7BFB13C30F9F00825C6E /* Project object */;
			proxyType = 1;
			remoteGlobalIDString = DD4F7C0313C30F9F00825C6E;
			remoteInfo = Clocker;
		};
/* End PBXContainerItemProxy section */

/* Begin PBXCopyFilesBuildPhase section */
/* End PBXCopyFilesBuildPhase section */

/* Begin PBXFileReference section */
		AA000002SWIFTUI00000001 /* AboutView.swift */ = {isa = PBXFileReference; lastKnownFileType = sourcecode.swift; path = AboutView.swift; sourceTree = "<group>"; };
		3508CC932599FFEC000E3530 /* MenubarTitleProvider.swift */ = {isa = PBXFileReference; lastKnownFileType = sourcecode.swift; path = MenubarTitleProvider.swift; sourceTree = "<group>"; };
		3508CC99259A0001000E3530 /* StatusItemView.swift */ = {isa = PBXFileReference; lastKnownFileType = sourcecode.swift; path = StatusItemView.swift; sourceTree = "<group>"; };
		3508CC9E259A000E000E3530 /* StatusItemHandler.swift */ = {isa = PBXFileReference; lastKnownFileType = sourcecode.swift; path = StatusItemHandler.swift; sourceTree = "<group>"; };
		3508CCA9259A0027000E3530 /* StatusContainerView.swift */ = {isa = PBXFileReference; lastKnownFileType = sourcecode.swift; path = StatusContainerView.swift; sourceTree = "<group>"; };
		35584D1727F0B019006E3EAD /* DateFormatterManagerTests.swift */ = {isa = PBXFileReference; lastKnownFileType = sourcecode.swift; path = DateFormatterManagerTests.swift; sourceTree = "<group>"; };
		35584D1927F0B64E006E3EAD /* AppDelegateTests.swift */ = {isa = PBXFileReference; lastKnownFileType = sourcecode.swift; path = AppDelegateTests.swift; sourceTree = "<group>"; };
		AA00000400000001PREFSTB2 /* PreferencesStoryboardTests.swift */ = {isa = PBXFileReference; lastKnownFileType = sourcecode.swift; path = PreferencesStoryboardTests.swift; sourceTree = "<group>"; };
		35621CFB27F66C1900926D5C /* SearchDataSourceTests.swift */ = {isa = PBXFileReference; lastKnownFileType = sourcecode.swift; path = SearchDataSourceTests.swift; sourceTree = "<group>"; };
		357391852507277500D30819 /* TimeMarkerViewItem.swift */ = {isa = PBXFileReference; lastKnownFileType = sourcecode.swift; path = TimeMarkerViewItem.swift; sourceTree = "<group>"; };
		357391862507277500D30819 /* HourMarkerViewItem.xib */ = {isa = PBXFileReference; lastKnownFileType = file.xib; path = HourMarkerViewItem.xib; sourceTree = "<group>"; };
		3579765D2680208C009DDA6E /* ParentPanelController+ModernSlider.swift */ = {isa = PBXFileReference; lastKnownFileType = sourcecode.swift; path = "ParentPanelController+ModernSlider.swift"; sourceTree = "<group>"; };
		3595FACF227F88BC0044A12A /* UserDefaults + KVOExtensions.swift */ = {isa = PBXFileReference; lastKnownFileType = sourcecode.swift; path = "UserDefaults + KVOExtensions.swift"; sourceTree = "<group>"; };
		35B2FED4259A2244005DA84D /* CoreLoggerKit */ = {isa = PBXFileReference; lastKnownFileType = folder; path = CoreLoggerKit; sourceTree = "<group>"; };
		35B2FEE4259A2C25005DA84D /* CoreModelKit */ = {isa = PBXFileReference; lastKnownFileType = folder; path = CoreModelKit; sourceTree = "<group>"; };
		35C36EFA2259616B002FA5C6 /* Solar.swift */ = {isa = PBXFileReference; fileEncoding = 4; lastKnownFileType = sourcecode.swift; path = Solar.swift; sourceTree = "<group>"; };
		35C36EFE225961D9002FA5C6 /* Date+Bundle.swift */ = {isa = PBXFileReference; fileEncoding = 4; lastKnownFileType = sourcecode.swift; path = "Date+Bundle.swift"; sourceTree = "<group>"; };
		35C36F00225961D9002FA5C6 /* Constants.swift */ = {isa = PBXFileReference; fileEncoding = 4; lastKnownFileType = sourcecode.swift; path = Constants.swift; sourceTree = "<group>"; };
		35C36F02225961DA002FA5C6 /* Date+Components.swift */ = {isa = PBXFileReference; fileEncoding = 4; lastKnownFileType = sourcecode.swift; path = "Date+Components.swift"; sourceTree = "<group>"; };
		35C36F03225961DA002FA5C6 /* Date+TimeAgo.swift */ = {isa = PBXFileReference; fileEncoding = 4; lastKnownFileType = sourcecode.swift; path = "Date+TimeAgo.swift"; sourceTree = "<group>"; };
		35C36F04225961DA002FA5C6 /* Integer+DateTools.swift */ = {isa = PBXFileReference; fileEncoding = 4; lastKnownFileType = sourcecode.swift; path = "Integer+DateTools.swift"; sourceTree = "<group>"; };
		35C36F05225961DA002FA5C6 /* TimeChunk.swift */ = {isa = PBXFileReference; fileEncoding = 4; lastKnownFileType = sourcecode.swift; path = TimeChunk.swift; sourceTree = "<group>"; };
		35C36F06225961DA002FA5C6 /* Date+Inits.swift */ = {isa = PBXFileReference; fileEncoding = 4; lastKnownFileType = sourcecode.swift; path = "Date+Inits.swift"; sourceTree = "<group>"; };
		35C36F07225961DA002FA5C6 /* DateTools.bundle */ = {isa = PBXFileReference; lastKnownFileType = "wrapper.plug-in"; path = DateTools.bundle; sourceTree = "<group>"; };
		35C36F08225961DA002FA5C6 /* Date+Comparators.swift */ = {isa = PBXFileReference; fileEncoding = 4; lastKnownFileType = sourcecode.swift; path = "Date+Comparators.swift"; sourceTree = "<group>"; };
		35C36F09225961DA002FA5C6 /* Enums.swift */ = {isa = PBXFileReference; fileEncoding = 4; lastKnownFileType = sourcecode.swift; path = Enums.swift; sourceTree = "<group>"; };
		35C36F0A225961DA002FA5C6 /* Date+Manipulations.swift */ = {isa = PBXFileReference; fileEncoding = 4; lastKnownFileType = sourcecode.swift; path = "Date+Manipulations.swift"; sourceTree = "<group>"; };

		35C36F1E22596253002FA5C6 /* OneWindowController.swift */ = {isa = PBXFileReference; fileEncoding = 4; lastKnownFileType = sourcecode.swift; path = OneWindowController.swift; sourceTree = "<group>"; };
		35C36F1F22596253002FA5C6 /* AppearanceViewController.swift */ = {isa = PBXFileReference; fileEncoding = 4; lastKnownFileType = sourcecode.swift; path = AppearanceViewController.swift; sourceTree = "<group>"; };
		35C36F272259D6FA002FA5C6 /* ParentPanelController.swift */ = {isa = PBXFileReference; fileEncoding = 4; lastKnownFileType = sourcecode.swift; path = ParentPanelController.swift; sourceTree = "<group>"; };
		35C36F282259D6FA002FA5C6 /* PanelController.swift */ = {isa = PBXFileReference; fileEncoding = 4; lastKnownFileType = sourcecode.swift; path = PanelController.swift; sourceTree = "<group>"; };
		35C36F322259D7C3002FA5C6 /* AddTableViewCell.swift */ = {isa = PBXFileReference; fileEncoding = 4; lastKnownFileType = sourcecode.swift; path = AddTableViewCell.swift; sourceTree = "<group>"; };
		35C36F3A2259D892002FA5C6 /* Timer.swift */ = {isa = PBXFileReference; fileEncoding = 4; lastKnownFileType = sourcecode.swift; path = Timer.swift; sourceTree = "<group>"; };
		35C36F3D2259D892002FA5C6 /* Strings.swift */ = {isa = PBXFileReference; fileEncoding = 4; lastKnownFileType = sourcecode.swift; path = Strings.swift; sourceTree = "<group>"; };
		35C36F3E2259D892002FA5C6 /* DataStore.swift */ = {isa = PBXFileReference; fileEncoding = 4; lastKnownFileType = sourcecode.swift; path = DataStore.swift; sourceTree = "<group>"; };
		9FEC776853CC4796AD9A1DC6 /* GlobalShortcutMonitor.swift */ = {isa = PBXFileReference; fileEncoding = 4; lastKnownFileType = sourcecode.swift; path = GlobalShortcutMonitor.swift; sourceTree = "<group>"; };
		E0A19BB308FC4CDEA6F6878A /* ShortcutRecorderButton.swift */ = {isa = PBXFileReference; fileEncoding = 4; lastKnownFileType = sourcecode.swift; path = ShortcutRecorderButton.swift; sourceTree = "<group>"; };

		35C36F402259D892002FA5C6 /* NetworkManager.swift */ = {isa = PBXFileReference; fileEncoding = 4; lastKnownFileType = sourcecode.swift; path = NetworkManager.swift; sourceTree = "<group>"; };
		A1B2C3D4E5F60001SEARCH01 /* TimezoneSearchService.swift */ = {isa = PBXFileReference; lastKnownFileType = sourcecode.swift; path = TimezoneSearchService.swift; sourceTree = "<group>"; };
		35C36F4A2259D971002FA5C6 /* PointingHandCursorButton.swift */ = {isa = PBXFileReference; fileEncoding = 4; lastKnownFileType = sourcecode.swift; path = PointingHandCursorButton.swift; sourceTree = "<group>"; };
		35C36F4C2259D981002FA5C6 /* DateFormatterManager.swift */ = {isa = PBXFileReference; fileEncoding = 4; lastKnownFileType = sourcecode.swift; path = DateFormatterManager.swift; sourceTree = "<group>"; };
		35C36F4D2259D981002FA5C6 /* AppDefaults.swift */ = {isa = PBXFileReference; fileEncoding = 4; lastKnownFileType = sourcecode.swift; path = AppDefaults.swift; sourceTree = "<group>"; };
		35C36F532259DD8A002FA5C6 /* TimezoneDataSource.swift */ = {isa = PBXFileReference; fileEncoding = 4; lastKnownFileType = sourcecode.swift; path = TimezoneDataSource.swift; sourceTree = "<group>"; };
		35C36F542259DD8A002FA5C6 /* PanelTableView.swift */ = {isa = PBXFileReference; fileEncoding = 4; lastKnownFileType = sourcecode.swift; path = PanelTableView.swift; sourceTree = "<group>"; };
		35C36F552259DD8A002FA5C6 /* TimezoneCellView.swift */ = {isa = PBXFileReference; fileEncoding = 4; lastKnownFileType = sourcecode.swift; path = TimezoneCellView.swift; sourceTree = "<group>"; };
		35C36F562259DD8A002FA5C6 /* CustomPanel.swift */ = {isa = PBXFileReference; fileEncoding = 4; lastKnownFileType = sourcecode.swift; path = CustomPanel.swift; sourceTree = "<group>"; };
		35C36F5B2259DD96002FA5C6 /* TimezoneDataOperations.swift */ = {isa = PBXFileReference; fileEncoding = 4; lastKnownFileType = sourcecode.swift; path = TimezoneDataOperations.swift; sourceTree = "<group>"; };
		35C36F6C2259E185002FA5C6 /* CustomSliderCell.swift */ = {isa = PBXFileReference; fileEncoding = 4; lastKnownFileType = sourcecode.swift; path = CustomSliderCell.swift; sourceTree = "<group>"; };
		35C36F6D2259E185002FA5C6 /* BackgroundPanelView.swift */ = {isa = PBXFileReference; fileEncoding = 4; lastKnownFileType = sourcecode.swift; path = BackgroundPanelView.swift; sourceTree = "<group>"; };
		35C36F6E2259E185002FA5C6 /* NoTimezoneView.swift */ = {isa = PBXFileReference; fileEncoding = 4; lastKnownFileType = sourcecode.swift; path = NoTimezoneView.swift; sourceTree = "<group>"; };
		35C36F742259E1CF002FA5C6 /* AppKit + Additions.swift */ = {isa = PBXFileReference; fileEncoding = 4; lastKnownFileType = sourcecode.swift; path = "AppKit + Additions.swift"; sourceTree = "<group>"; };
		35C36F752259E1CF002FA5C6 /* Foundation + Additions.swift */ = {isa = PBXFileReference; fileEncoding = 4; lastKnownFileType = sourcecode.swift; path = "Foundation + Additions.swift"; sourceTree = "<group>"; };
		35C36F762259E1CF002FA5C6 /* String + Additions.swift */ = {isa = PBXFileReference; fileEncoding = 4; lastKnownFileType = sourcecode.swift; path = "String + Additions.swift"; sourceTree = "<group>"; };
		35C36F902259EAF4002FA5C6 /* Preferences.storyboard */ = {isa = PBXFileReference; fileEncoding = 4; lastKnownFileType = file.storyboard; path = Preferences.storyboard; sourceTree = "<group>"; };
		35C36FA32259EEC2002FA5C6 /* AppDelegate.swift */ = {isa = PBXFileReference; fileEncoding = 4; lastKnownFileType = sourcecode.swift; path = AppDelegate.swift; sourceTree = SOURCE_ROOT; };
		35E65124268EDD2E00E3E1E3 /* Toasty.swift */ = {isa = PBXFileReference; lastKnownFileType = sourcecode.swift; path = Toasty.swift; sourceTree = "<group>"; };
		9A0385BA269E3434003B5E72 /* StandardMenubarHandlerTests.swift */ = {isa = PBXFileReference; lastKnownFileType = sourcecode.swift; path = StandardMenubarHandlerTests.swift; sourceTree = "<group>"; };
		9A13BAD71CA87F08007C6CBE /* en */ = {isa = PBXFileReference; lastKnownFileType = file.xib; name = en; path = en.lproj/Panel.xib; sourceTree = "<group>"; };
		9A13BAE11CA882FA007C6CBE /* en */ = {isa = PBXFileReference; lastKnownFileType = text.plist.strings; name = en; path = en.lproj/InfoPlist.strings; sourceTree = "<group>"; };
		9A13BAEB1CA88A76007C6CBE /* en */ = {isa = PBXFileReference; lastKnownFileType = text.plist.strings; name = en; path = en.lproj/Localizable.strings; sourceTree = "<group>"; };
		9A20A04A1C4DEED200FB45AB /* IOKit.framework */ = {isa = PBXFileReference; lastKnownFileType = wrapper.framework; name = IOKit.framework; path = System/Library/Frameworks/IOKit.framework; sourceTree = SDKROOT; };
		9A20A06F1C4E804D00FB45AB /* ServiceManagement.framework */ = {isa = PBXFileReference; lastKnownFileType = wrapper.framework; name = ServiceManagement.framework; path = System/Library/Frameworks/ServiceManagement.framework; sourceTree = SDKROOT; };
		9A3169C01D2CC5AA0079FDF8 /* com.tpak.MeridianHelper.plist */ = {isa = PBXFileReference; fileEncoding = 4; lastKnownFileType = text.plist.xml; name = com.tpak.MeridianHelper.plist; path = Clocker/com.tpak.MeridianHelper.plist; sourceTree = "<group>"; };
		9A4379291BEC230A00F4E27F /* libc++.tbd */ = {isa = PBXFileReference; lastKnownFileType = "sourcecode.text-based-dylib-definition"; name = "libc++.tbd"; path = "usr/lib/libc++.tbd"; sourceTree = SDKROOT; };
		9A43792B1BEC231100F4E27F /* libz.tbd */ = {isa = PBXFileReference; lastKnownFileType = "sourcecode.text-based-dylib-definition"; name = libz.tbd; path = usr/lib/libz.tbd; sourceTree = SDKROOT; };
		9A56DB7D1C1CFB73004CE6AF /* MainMenu.xib */ = {isa = PBXFileReference; fileEncoding = 4; lastKnownFileType = file.xib; name = MainMenu.xib; path = Clocker/MainMenu.xib; sourceTree = "<group>"; };
		9A5B1A8D1BECDFB700A77C68 /* Clocker.entitlements */ = {isa = PBXFileReference; lastKnownFileType = text.xml; name = Clocker.entitlements; path = Clocker/Clocker.entitlements; sourceTree = "<group>"; };
		9A5E6B9F1CAF71C1006E7C5C /* libicucore.tbd */ = {isa = PBXFileReference; lastKnownFileType = "sourcecode.text-based-dylib-definition"; name = libicucore.tbd; path = usr/lib/libicucore.tbd; sourceTree = SDKROOT; };
		9A6D93361CF3E82F005A8690 /* CoreImage.framework */ = {isa = PBXFileReference; lastKnownFileType = wrapper.framework; name = CoreImage.framework; path = System/Library/Frameworks/CoreImage.framework; sourceTree = SDKROOT; };
		9A9E87611C1FEDB500A7A2DF /* CFNetwork.framework */ = {isa = PBXFileReference; lastKnownFileType = wrapper.framework; name = CFNetwork.framework; path = System/Library/Frameworks/CFNetwork.framework; sourceTree = SDKROOT; };
		9A9E87631C1FEDBD00A7A2DF /* CoreGraphics.framework */ = {isa = PBXFileReference; lastKnownFileType = wrapper.framework; name = CoreGraphics.framework; path = System/Library/Frameworks/CoreGraphics.framework; sourceTree = SDKROOT; };
		9A9E87651C1FEDC500A7A2DF /* CoreLocation.framework */ = {isa = PBXFileReference; lastKnownFileType = wrapper.framework; name = CoreLocation.framework; path = System/Library/Frameworks/CoreLocation.framework; sourceTree = SDKROOT; };
		9A9E87671C1FEDD300A7A2DF /* Security.framework */ = {isa = PBXFileReference; lastKnownFileType = wrapper.framework; name = Security.framework; path = System/Library/Frameworks/Security.framework; sourceTree = SDKROOT; };
		9A9E87691C1FEDDB00A7A2DF /* SystemConfiguration.framework */ = {isa = PBXFileReference; lastKnownFileType = wrapper.framework; name = SystemConfiguration.framework; path = System/Library/Frameworks/SystemConfiguration.framework; sourceTree = SDKROOT; };
		9A9E876B1C1FEDE700A7A2DF /* libsqlite3.tbd */ = {isa = PBXFileReference; lastKnownFileType = "sourcecode.text-based-dylib-definition"; name = libsqlite3.tbd; path = usr/lib/libsqlite3.tbd; sourceTree = SDKROOT; };
		9AB6F1572259CFFC00A44663 /* AboutViewController.swift */ = {isa = PBXFileReference; fileEncoding = 4; lastKnownFileType = sourcecode.swift; path = AboutViewController.swift; sourceTree = "<group>"; };
		9AB6F15F2259D1B000A44663 /* PreferencesViewController.swift */ = {isa = PBXFileReference; fileEncoding = 4; lastKnownFileType = sourcecode.swift; path = PreferencesViewController.swift; sourceTree = "<group>"; };
		AA1B2C3D0001000000000001 /* TimezoneSortingManager.swift */ = {isa = PBXFileReference; fileEncoding = 4; lastKnownFileType = sourcecode.swift; path = TimezoneSortingManager.swift; sourceTree = "<group>"; };
		B1C2D3E40001000000TZADD2 /* TimezoneAdditionHandler.swift */ = {isa = PBXFileReference; lastKnownFileType = sourcecode.swift; path = TimezoneAdditionHandler.swift; sourceTree = "<group>"; };
		9AB6F1602259D1B000A44663 /* PreferencesDataSource.swift */ = {isa = PBXFileReference; fileEncoding = 4; lastKnownFileType = sourcecode.swift; path = PreferencesDataSource.swift; sourceTree = "<group>"; };
		9AB6F1632259D1B800A44663 /* ParentViewController.swift */ = {isa = PBXFileReference; fileEncoding = 4; lastKnownFileType = sourcecode.swift; path = ParentViewController.swift; sourceTree = "<group>"; };
		9AB89E021CE97A4900EC8EB1 /* Media.xcassets */ = {isa = PBXFileReference; lastKnownFileType = folder.assetcatalog; path = Media.xcassets; sourceTree = "<group>"; };
		9ABF4559268FDABA002C779B /* CopyToClipboardTests.swift */ = {isa = PBXFileReference; fileEncoding = 4; lastKnownFileType = sourcecode.swift; path = CopyToClipboardTests.swift; sourceTree = "<group>"; };
		9ABFB37F1CA6882000E10745 /* ApplicationServices.framework */ = {isa = PBXFileReference; lastKnownFileType = wrapper.framework; name = ApplicationServices.framework; path = System/Library/Frameworks/ApplicationServices.framework; sourceTree = SDKROOT; };
		9AC678E31C1ABAB9003B4F6B /* QuartzCore.framework */ = {isa = PBXFileReference; lastKnownFileType = wrapper.framework; name = QuartzCore.framework; path = System/Library/Frameworks/QuartzCore.framework; sourceTree = SDKROOT; };
		9ACF469C1DCBD45200C49B51 /* Quartz.framework */ = {isa = PBXFileReference; lastKnownFileType = wrapper.framework; name = Quartz.framework; path = System/Library/Frameworks/Quartz.framework; sourceTree = SDKROOT; };
		9ACF618C231DABAE00F5E51E /* SearchDataSource.swift */ = {isa = PBXFileReference; lastKnownFileType = sourcecode.swift; path = SearchDataSource.swift; sourceTree = "<group>"; };
		C20839C721515C1E00C86589 /* ClockerUnitTests.xctest */ = {isa = PBXFileReference; explicitFileType = wrapper.cfbundle; includeInIndex = 0; path = ClockerUnitTests.xctest; sourceTree = BUILT_PRODUCTS_DIR; };
		C20839C921515C1E00C86589 /* ClockerUnitTests.swift */ = {isa = PBXFileReference; lastKnownFileType = sourcecode.swift; path = ClockerUnitTests.swift; sourceTree = "<group>"; };
		C20839CB21515C1F00C86589 /* Info.plist */ = {isa = PBXFileReference; lastKnownFileType = text.plist.xml; path = Info.plist; sourceTree = "<group>"; };
		C22F3D7F2107778A0001D5E1 /* ShortcutTests.swift */ = {isa = PBXFileReference; lastKnownFileType = sourcecode.swift; path = ShortcutTests.swift; sourceTree = "<group>"; };
		C264A0C420B897D800CCD875 /* PreferencesTest.swift */ = {isa = PBXFileReference; lastKnownFileType = sourcecode.swift; path = PreferencesTest.swift; sourceTree = "<group>"; };
		C264A0C720B898D600CCD875 /* PanelTests.swift */ = {isa = PBXFileReference; lastKnownFileType = sourcecode.swift; path = PanelTests.swift; sourceTree = "<group>"; };
		C2BFE3E32049F82300825BE5 /* ClockerUITests.xctest */ = {isa = PBXFileReference; explicitFileType = wrapper.cfbundle; includeInIndex = 0; path = ClockerUITests.xctest; sourceTree = BUILT_PRODUCTS_DIR; };
		C2BFE3E72049F82300825BE5 /* Info.plist */ = {isa = PBXFileReference; lastKnownFileType = text.plist.xml; path = Info.plist; sourceTree = "<group>"; };
		C2CCCD8120619C4C00F2DFC2 /* LocationController.swift */ = {isa = PBXFileReference; lastKnownFileType = sourcecode.swift; name = LocationController.swift; path = Clocker/LocationController.swift; sourceTree = "<group>"; };
		C2D30A89210245C6000BFAEE /* ReviewTests.swift */ = {isa = PBXFileReference; lastKnownFileType = sourcecode.swift; path = ReviewTests.swift; sourceTree = "<group>"; };
		C2F7821A20B70E3700B6CD07 /* AboutUsTests.swift */ = {isa = PBXFileReference; lastKnownFileType = sourcecode.swift; path = AboutUsTests.swift; sourceTree = "<group>"; };
		DD4F7C0413C30F9F00825C6E /* Clocker.app */ = {isa = PBXFileReference; explicitFileType = wrapper.application; includeInIndex = 0; path = Clocker.app; sourceTree = BUILT_PRODUCTS_DIR; };
		DD4F7C0813C30F9F00825C6E /* Cocoa.framework */ = {isa = PBXFileReference; lastKnownFileType = wrapper.framework; name = Cocoa.framework; path = System/Library/Frameworks/Cocoa.framework; sourceTree = SDKROOT; };
		DD4F7C0B13C30F9F00825C6E /* AppKit.framework */ = {isa = PBXFileReference; lastKnownFileType = wrapper.framework; name = AppKit.framework; path = System/Library/Frameworks/AppKit.framework; sourceTree = SDKROOT; };
		527EBAA6C18049AE931DDE49 /* PanelContextMenu.swift */ = {isa = PBXFileReference; lastKnownFileType = sourcecode.swift; path = PanelContextMenu.swift; sourceTree = "<group>"; };
		A1B2C3D400000002MOCK0002 /* MockURLProtocol.swift */ = {isa = PBXFileReference; lastKnownFileType = sourcecode.swift; path = MockURLProtocol.swift; sourceTree = "<group>"; };
		A1B2C3D400000004NWTEST02 /* NetworkManagerTests.swift */ = {isa = PBXFileReference; lastKnownFileType = sourcecode.swift; path = NetworkManagerTests.swift; sourceTree = "<group>"; };
		B730E37E4596MOCKDATASTO2 /* MockDataStore.swift */ = {isa = PBXFileReference; lastKnownFileType = sourcecode.swift; path = MockDataStore.swift; sourceTree = "<group>"; };
		3DEE1440C33BTZSORTINGTST2 /* TimezoneSortingManagerTests.swift */ = {isa = PBXFileReference; lastKnownFileType = sourcecode.swift; path = TimezoneSortingManagerTests.swift; sourceTree = "<group>"; };
		919639F9D2F3GLOBALSHRTCU2 /* GlobalShortcutMonitorTests.swift */ = {isa = PBXFileReference; lastKnownFileType = sourcecode.swift; path = GlobalShortcutMonitorTests.swift; sourceTree = "<group>"; };
		4726354D81E1NWMGRASYNCT2 /* NetworkManagerAsyncTests.swift */ = {isa = PBXFileReference; lastKnownFileType = sourcecode.swift; path = NetworkManagerAsyncTests.swift; sourceTree = "<group>"; };
		AA000010MODERN00000001 /* UpcomingEventView.swift */ = {isa = PBXFileReference; lastKnownFileType = sourcecode.swift; path = UpcomingEventView.swift; sourceTree = "<group>"; };
		AA000012STARTU00000001 /* StartupManager.swift */ = {isa = PBXFileReference; lastKnownFileType = sourcecode.swift; path = StartupManager.swift; sourceTree = "<group>"; };
/* End PBXFileReference section */

/* Begin PBXFrameworksBuildPhase section */
		C20839C421515C1E00C86589 /* Frameworks */ = {
			isa = PBXFrameworksBuildPhase;
			buildActionMask = 2147483647;
			files = (
			);
			runOnlyForDeploymentPostprocessing = 0;
		};
		C2BFE3E02049F82300825BE5 /* Frameworks */ = {
			isa = PBXFrameworksBuildPhase;
			buildActionMask = 2147483647;
			files = (
			);
			runOnlyForDeploymentPostprocessing = 0;
		};
		DD4F7C0113C30F9F00825C6E /* Frameworks */ = {
			isa = PBXFrameworksBuildPhase;
			buildActionMask = 2147483647;
			files = (
				9A0A1C8C20903DBD0012003B /* CoreLocation.framework in Frameworks */,
				9ACF469D1DCBD45200C49B51 /* Quartz.framework in Frameworks */,
				9AC678E41C1ABAB9003B4F6B /* QuartzCore.framework in Frameworks */,
				35B2FEF1259A2DB1005DA84D /* CoreModelKit in Frameworks */,
				35B2FEDD259A2291005DA84D /* CoreLoggerKit in Frameworks */,
				9A6D93371CF3E82F005A8690 /* CoreImage.framework in Frameworks */,
				9A9E876A1C1FEDDB00A7A2DF /* SystemConfiguration.framework in Frameworks */,
				9A9E87621C1FEDB500A7A2DF /* CFNetwork.framework in Frameworks */,
				9ABFB3801CA6882000E10745 /* ApplicationServices.framework in Frameworks */,
				9A20A04B1C4DEED200FB45AB /* IOKit.framework in Frameworks */,
				9A43792A1BEC230A00F4E27F /* libc++.tbd in Frameworks */,
				DD4F7C0913C30F9F00825C6E /* Cocoa.framework in Frameworks */,
			);
			runOnlyForDeploymentPostprocessing = 0;
		};
/* End PBXFrameworksBuildPhase section */

/* Begin PBXGroup section */
		3548C45B26BEEF2100AFB533 /* Upcoming Events */ = {
			isa = PBXGroup;
			children = (
			);
			path = "Upcoming Events";
			sourceTree = "<group>";
		};
		35C36EB522595834002FA5C6 /* Dependencies */ = {
			isa = PBXGroup;
			children = (
				35C36EFC225961BC002FA5C6 /* Date Additions */,
				35C36EFA2259616B002FA5C6 /* Solar.swift */,
			);
			path = Dependencies;
			sourceTree = "<group>";
		};
		35C36EDF22595D9C002FA5C6 /* Menu Bar */ = {
			isa = PBXGroup;
			children = (
				3508CC932599FFEC000E3530 /* MenubarTitleProvider.swift */,
				3508CC99259A0001000E3530 /* StatusItemView.swift */,
				3508CC9E259A000E000E3530 /* StatusItemHandler.swift */,
				3508CCA9259A0027000E3530 /* StatusContainerView.swift */,
			);
			path = "Menu Bar";
			sourceTree = "<group>";
		};
		35C36EFC225961BC002FA5C6 /* Date Additions */ = {
			isa = PBXGroup;
			children = (
				35C36F00225961D9002FA5C6 /* Constants.swift */,
				35C36EFE225961D9002FA5C6 /* Date+Bundle.swift */,
				35C36F08225961DA002FA5C6 /* Date+Comparators.swift */,
				35C36F02225961DA002FA5C6 /* Date+Components.swift */,

				35C36F06225961DA002FA5C6 /* Date+Inits.swift */,
				35C36F0A225961DA002FA5C6 /* Date+Manipulations.swift */,
				35C36F03225961DA002FA5C6 /* Date+TimeAgo.swift */,
				35C36F07225961DA002FA5C6 /* DateTools.bundle */,
				35C36F09225961DA002FA5C6 /* Enums.swift */,
				35C36F04225961DA002FA5C6 /* Integer+DateTools.swift */,
				35C36F05225961DA002FA5C6 /* TimeChunk.swift */,
			);
			path = "Date Additions";
			sourceTree = "<group>";
		};
		35C36F1D22596212002FA5C6 /* Preferences */ = {
			isa = PBXGroup;
			children = (
				9AB6F1652259D1FC00A44663 /* Permissions */,
				9AB6F1542259CF1B00A44663 /* About */,
				9AB6F1532259CF0300A44663 /* General */,
				9AB6F1522259CEF400A44663 /* Appearance */,
				9AB6F1512259CEE300A44663 /* Calendar */,
				35C36F1E22596253002FA5C6 /* OneWindowController.swift */,
				9AB6F1632259D1B800A44663 /* ParentViewController.swift */,
				35C36F902259EAF4002FA5C6 /* Preferences.storyboard */,
				35C36EDF22595D9C002FA5C6 /* Menu Bar */,				AA000012STARTU00000001 /* StartupManager.swift */,

			);
			path = Preferences;
			sourceTree = "<group>";
		};
		35C36F242259D64D002FA5C6 /* Panel */ = {
			isa = PBXGroup;
			children = (
				3548C45B26BEEF2100AFB533 /* Upcoming Events */,
				35C36F632259DE9D002FA5C6 /* Rate Controller */,
				35C36F522259DC9B002FA5C6 /* UI */,
				35C36F512259DC85002FA5C6 /* Data Layer */,
				35C36F502259DC7C002FA5C6 /* Notes Popover */,
				35C36F282259D6FA002FA5C6 /* PanelController.swift */,
				35C36F272259D6FA002FA5C6 /* ParentPanelController.swift */,
				3579765D2680208C009DDA6E /* ParentPanelController+ModernSlider.swift */,
				527EBAA6C18049AE931DDE49 /* PanelContextMenu.swift */,
			);
			path = Panel;
			sourceTree = "<group>";
		};
		35C36F382259D80C002FA5C6 /* Overall App */ = {
			isa = PBXGroup;
			children = (
				35C36FA32259EEC2002FA5C6 /* AppDelegate.swift */,
				35C36F742259E1CF002FA5C6 /* AppKit + Additions.swift */,
				35C36F752259E1CF002FA5C6 /* Foundation + Additions.swift */,
				35C36F762259E1CF002FA5C6 /* String + Additions.swift */,
				35C36F4D2259D981002FA5C6 /* AppDefaults.swift */,
				35C36F4C2259D981002FA5C6 /* DateFormatterManager.swift */,
				35C36F3E2259D892002FA5C6 /* DataStore.swift */,
				9FEC776853CC4796AD9A1DC6 /* GlobalShortcutMonitor.swift */,
				35C36F402259D892002FA5C6 /* NetworkManager.swift */,

				35C36F3D2259D892002FA5C6 /* Strings.swift */,
				A1B2C3D4E5F60001SEARCH01 /* TimezoneSearchService.swift */,
				35C36F3A2259D892002FA5C6 /* Timer.swift */,
				3595FACF227F88BC0044A12A /* UserDefaults + KVOExtensions.swift */,
			);
			path = "Overall App";
			sourceTree = "<group>";
		};
		35C36F502259DC7C002FA5C6 /* Notes Popover */ = {
			isa = PBXGroup;
			children = (
			);
			path = "Notes Popover";
			sourceTree = "<group>";
		};
		35C36F512259DC85002FA5C6 /* Data Layer */ = {
			isa = PBXGroup;
			children = (
				35C36F5B2259DD96002FA5C6 /* TimezoneDataOperations.swift */,
			);
			path = "Data Layer";
			sourceTree = "<group>";
		};
		35C36F522259DC9B002FA5C6 /* UI */ = {
			isa = PBXGroup;
			children = (
				35C36F6D2259E185002FA5C6 /* BackgroundPanelView.swift */,
				35C36F6C2259E185002FA5C6 /* CustomSliderCell.swift */,
				35C36F6E2259E185002FA5C6 /* NoTimezoneView.swift */,
				35C36F562259DD8A002FA5C6 /* CustomPanel.swift */,
				35C36F542259DD8A002FA5C6 /* PanelTableView.swift */,
				35C36F552259DD8A002FA5C6 /* TimezoneCellView.swift */,
				35C36F532259DD8A002FA5C6 /* TimezoneDataSource.swift */,
				35C36F322259D7C3002FA5C6 /* AddTableViewCell.swift */,
				357391852507277500D30819 /* TimeMarkerViewItem.swift */,
				357391862507277500D30819 /* HourMarkerViewItem.xib */,
				35E65124268EDD2E00E3E1E3 /* Toasty.swift */,
			);
			path = UI;
			sourceTree = "<group>";
		};
		35C36F632259DE9D002FA5C6 /* Rate Controller */ = {
			isa = PBXGroup;
			children = (
				AA000010MODERN00000001 /* UpcomingEventView.swift */,
			);
			path = "Rate Controller";
			sourceTree = "<group>";
		};
		9A2000C61BFBCEF6002BFDE8 /* Utilties */ = {
			isa = PBXGroup;
			children = (
				9A3169C01D2CC5AA0079FDF8 /* com.tpak.MeridianHelper.plist */,
				9A13BAE21CA882FA007C6CBE /* InfoPlist.strings */,
				9A13BAEC1CA88A76007C6CBE /* Localizable.strings */,
				C2CCCD8120619C4C00F2DFC2 /* LocationController.swift */,
			);
			name = Utilties;
			sourceTree = "<group>";
		};
		9A8605E01BEC15F400A810A4 /* XIB */ = {
			isa = PBXGroup;
			children = (
				9A56DB7D1C1CFB73004CE6AF /* MainMenu.xib */,
				9A13BAD81CA87F08007C6CBE /* Panel.xib */,
			);
			name = XIB;
			sourceTree = "<group>";
		};
		9A8605E41BEC164C00A810A4 /* Main */ = {
			isa = PBXGroup;
			children = (
			);
			name = Main;
			sourceTree = "<group>";
		};
		9A86E2B61CE04F1600547EE7 /* Products */ = {
			isa = PBXGroup;
			children = (
			);
			name = Products;
			sourceTree = "<group>";
		};
		9AB6F1512259CEE300A44663 /* Calendar */ = {
			isa = PBXGroup;
			children = (
			);
			path = Calendar;
			sourceTree = "<group>";
		};
		9AB6F1522259CEF400A44663 /* Appearance */ = {
			isa = PBXGroup;
			children = (
				35C36F1F22596253002FA5C6 /* AppearanceViewController.swift */,
			);
			path = Appearance;
			sourceTree = "<group>";
		};
		9AB6F1532259CF0300A44663 /* General */ = {
			isa = PBXGroup;
			children = (
				9AB6F1682259D26400A44663 /* Models */,
				9AB6F1602259D1B000A44663 /* PreferencesDataSource.swift */,
				9AB6F15F2259D1B000A44663 /* PreferencesViewController.swift */,
				E0A19BB308FC4CDEA6F6878A /* ShortcutRecorderButton.swift */,
				9ACF618C231DABAE00F5E51E /* SearchDataSource.swift */,
				AA1B2C3D0001000000000001 /* TimezoneSortingManager.swift */,
				B1C2D3E40001000000TZADD2 /* TimezoneAdditionHandler.swift */,
			);
			path = General;
			sourceTree = "<group>";
		};
		9AB6F1542259CF1B00A44663 /* About */ = {
			isa = PBXGroup;
			children = (
				35C36F4A2259D971002FA5C6 /* PointingHandCursorButton.swift */,
				9AB6F1572259CFFC00A44663 /* AboutViewController.swift */,
				AA000002SWIFTUI00000001 /* AboutView.swift */,
			);
			path = About;
			sourceTree = "<group>";
		};
		9AB6F1652259D1FC00A44663 /* Permissions */ = {
			isa = PBXGroup;
			children = (
			);
			path = Permissions;
			sourceTree = "<group>";
		};
		9AB6F1682259D26400A44663 /* Models */ = {
			isa = PBXGroup;
			children = (
			);
			path = Models;
			sourceTree = "<group>";
		};
		9ACB31381EDA98EA00F3E1D3 /* Frameworks */ = {
			isa = PBXGroup;
			children = (
			);
			path = Frameworks;
			sourceTree = "<group>";
		};
		C20839C821515C1E00C86589 /* ClockerUnitTests */ = {
			isa = PBXGroup;
			children = (
				C20839C921515C1E00C86589 /* ClockerUnitTests.swift */,
				C20839CB21515C1F00C86589 /* Info.plist */,
				9A0385BA269E3434003B5E72 /* StandardMenubarHandlerTests.swift */,
				35584D1727F0B019006E3EAD /* DateFormatterManagerTests.swift */,
				35584D1927F0B64E006E3EAD /* AppDelegateTests.swift */,
				35621CFB27F66C1900926D5C /* SearchDataSourceTests.swift */,
				A1B2C3D400000002MOCK0002 /* MockURLProtocol.swift */,
				A1B2C3D400000004NWTEST02 /* NetworkManagerTests.swift */,
				B730E37E4596MOCKDATASTO2 /* MockDataStore.swift */,
				3DEE1440C33BTZSORTINGTST2 /* TimezoneSortingManagerTests.swift */,
				919639F9D2F3GLOBALSHRTCU2 /* GlobalShortcutMonitorTests.swift */,
				4726354D81E1NWMGRASYNCT2 /* NetworkManagerAsyncTests.swift */,
				AA00000400000001PREFSTB2 /* PreferencesStoryboardTests.swift */,
			);
			path = ClockerUnitTests;
			sourceTree = "<group>";
		};
		C2BFE3E42049F82300825BE5 /* ClockerUITests */ = {
			isa = PBXGroup;
			children = (
				9ABF4559268FDABA002C779B /* CopyToClipboardTests.swift */,
				C2BFE3E72049F82300825BE5 /* Info.plist */,
				9AA522BE23415BDD00C9E005 /* InfoPlist.strings */,
				C2F7821A20B70E3700B6CD07 /* AboutUsTests.swift */,
				C264A0C420B897D800CCD875 /* PreferencesTest.swift */,
				C264A0C720B898D600CCD875 /* PanelTests.swift */,
				C2D30A89210245C6000BFAEE /* ReviewTests.swift */,
				C22F3D7F2107778A0001D5E1 /* ShortcutTests.swift */,
			);
			path = ClockerUITests;
			sourceTree = "<group>";
		};
		DD4F7BF913C30F9F00825C6E = {
			isa = PBXGroup;
			children = (
				35B2FEE4259A2C25005DA84D /* CoreModelKit */,
				35B2FED4259A2244005DA84D /* CoreLoggerKit */,
				35C36F382259D80C002FA5C6 /* Overall App */,
				35C36F242259D64D002FA5C6 /* Panel */,
				35C36F1D22596212002FA5C6 /* Preferences */,
				35C36EB522595834002FA5C6 /* Dependencies */,
				9AB89E021CE97A4900EC8EB1 /* Media.xcassets */,
				9A5B1A8D1BECDFB700A77C68 /* Clocker.entitlements */,
				9A2000C61BFBCEF6002BFDE8 /* Utilties */,
				9A8605E01BEC15F400A810A4 /* XIB */,
				9A8605E41BEC164C00A810A4 /* Main */,
				C2BFE3E42049F82300825BE5 /* ClockerUITests */,
				C20839C821515C1E00C86589 /* ClockerUnitTests */,
				DD4F7C0713C30F9F00825C6E /* Frameworks */,
				DD4F7C0513C30F9F00825C6E /* Products */,
			);
			sourceTree = "<group>";
		};
		DD4F7C0513C30F9F00825C6E /* Products */ = {
			isa = PBXGroup;
			children = (
				DD4F7C0413C30F9F00825C6E /* Clocker.app */,
				C2BFE3E32049F82300825BE5 /* ClockerUITests.xctest */,
				C20839C721515C1E00C86589 /* ClockerUnitTests.xctest */,
			);
			name = Products;
			sourceTree = "<group>";
		};
		DD4F7C0713C30F9F00825C6E /* Frameworks */ = {
			isa = PBXGroup;
			children = (
				9ACB31381EDA98EA00F3E1D3 /* Frameworks */,
				9ACF469C1DCBD45200C49B51 /* Quartz.framework */,
				9A6D93361CF3E82F005A8690 /* CoreImage.framework */,
				9A5E6B9F1CAF71C1006E7C5C /* libicucore.tbd */,
				9ABFB37F1CA6882000E10745 /* ApplicationServices.framework */,
				9A20A06F1C4E804D00FB45AB /* ServiceManagement.framework */,
				9A20A04A1C4DEED200FB45AB /* IOKit.framework */,
				9A9E876B1C1FEDE700A7A2DF /* libsqlite3.tbd */,
				9A9E87691C1FEDDB00A7A2DF /* SystemConfiguration.framework */,
				9A9E87671C1FEDD300A7A2DF /* Security.framework */,
				9A9E87651C1FEDC500A7A2DF /* CoreLocation.framework */,
				9A9E87631C1FEDBD00A7A2DF /* CoreGraphics.framework */,
				9A9E87611C1FEDB500A7A2DF /* CFNetwork.framework */,
				9AC678E31C1ABAB9003B4F6B /* QuartzCore.framework */,
				9A43792B1BEC231100F4E27F /* libz.tbd */,
				9A4379291BEC230A00F4E27F /* libc++.tbd */,
				DD4F7C0B13C30F9F00825C6E /* AppKit.framework */,
				DD4F7C0813C30F9F00825C6E /* Cocoa.framework */,
			);
			name = Frameworks;
			sourceTree = "<group>";
		};
/* End PBXGroup section */

/* Begin PBXNativeTarget section */
		C20839C621515C1E00C86589 /* ClockerUnitTests */ = {
			isa = PBXNativeTarget;
			buildConfigurationList = C20839D221515C1F00C86589 /* Build configuration list for PBXNativeTarget "ClockerUnitTests" */;
			buildPhases = (
				C20839C321515C1E00C86589 /* Sources */,
				C20839C421515C1E00C86589 /* Frameworks */,
				C20839C521515C1E00C86589 /* Resources */,
			);
			buildRules = (
			);
			dependencies = (
				C20839CD21515C1F00C86589 /* PBXTargetDependency */,
			);
			name = ClockerUnitTests;
			productName = ClockerUnitTests;
			productReference = C20839C721515C1E00C86589 /* ClockerUnitTests.xctest */;
			productType = "com.apple.product-type.bundle.unit-test";
		};
		C2BFE3E22049F82300825BE5 /* ClockerUITests */ = {
			isa = PBXNativeTarget;
			buildConfigurationList = C2BFE3EA2049F82300825BE5 /* Build configuration list for PBXNativeTarget "ClockerUITests" */;
			buildPhases = (
				C2BFE3DF2049F82300825BE5 /* Sources */,
				C2BFE3E02049F82300825BE5 /* Frameworks */,
				C2BFE3E12049F82300825BE5 /* Resources */,
			);
			buildRules = (
			);
			dependencies = (
				C2BFE3E92049F82300825BE5 /* PBXTargetDependency */,
			);
			name = ClockerUITests;
			productName = ClockerUITests;
			productReference = C2BFE3E32049F82300825BE5 /* ClockerUITests.xctest */;
			productType = "com.apple.product-type.bundle.ui-testing";
		};
		DD4F7C0313C30F9F00825C6E /* Clocker */ = {
			isa = PBXNativeTarget;
			buildConfigurationList = DD4F7C2213C30F9F00825C6E /* Build configuration list for PBXNativeTarget "Clocker" */;
			buildPhases = (
				DD4F7C0013C30F9F00825C6E /* Sources */,
				DD4F7C0113C30F9F00825C6E /* Frameworks */,
				DD4F7C0213C30F9F00825C6E /* Resources */,
			);
			buildRules = (
			);
			dependencies = (
					);
			name = Clocker;
			packageProductDependencies = (
				35B2FEDC259A2291005DA84D /* CoreLoggerKit */,
				35B2FEF0259A2DB1005DA84D /* CoreModelKit */,
			);
			productName = Popup;
			productReference = DD4F7C0413C30F9F00825C6E /* Clocker.app */;
			productType = "com.apple.product-type.application";
		};
/* End PBXNativeTarget section */

/* Begin PBXProject section */
		DD4F7BFB13C30F9F00825C6E /* Project object */ = {
			isa = PBXProject;
			attributes = {
				CLASSPREFIX = "";
				DefaultBuildSystemTypeForWorkspace = Latest;
				LastSwiftUpdateCheck = 1000;
				LastUpgradeCheck = 1250;
				TargetAttributes = {
					C20839C621515C1E00C86589 = {
						LastSwiftMigration = 1020;
						ProvisioningStyle = Manual;
					};
					C2BFE3E22049F82300825BE5 = {
						CreatedOnToolsVersion = 9.2;
						LastSwiftMigration = 1020;
						ProvisioningStyle = Manual;
						TestTargetID = DD4F7C0313C30F9F00825C6E;
					};
					DD4F7C0313C30F9F00825C6E = {
						LastSwiftMigration = 1020;
						ProvisioningStyle = Manual;
						SystemCapabilities = {
							com.apple.Sandbox = {
								enabled = 1;
							};
						};
					};
				};
			};
			buildConfigurationList = DD4F7BFE13C30F9F00825C6E /* Build configuration list for PBXProject "Clocker" */;
			compatibilityVersion = "Xcode 3.2";
			developmentRegion = en;
			hasScannedForEncodings = 0;
			knownRegions = (
				en,
				Base,
			);
			mainGroup = DD4F7BF913C30F9F00825C6E;
			productRefGroup = DD4F7C0513C30F9F00825C6E /* Products */;
			projectDirPath = "";
			projectRoot = "";
			targets = (
				DD4F7C0313C30F9F00825C6E /* Clocker */,
				C2BFE3E22049F82300825BE5 /* ClockerUITests */,
				C20839C621515C1E00C86589 /* ClockerUnitTests */,
			);
		};
/* End PBXProject section */

/* Begin PBXReferenceProxy section */
/* End PBXReferenceProxy section */

/* Begin PBXResourcesBuildPhase section */
		C20839C521515C1E00C86589 /* Resources */ = {
			isa = PBXResourcesBuildPhase;
			buildActionMask = 2147483647;
			files = (
			);
			runOnlyForDeploymentPostprocessing = 0;
		};
		C2BFE3E12049F82300825BE5 /* Resources */ = {
			isa = PBXResourcesBuildPhase;
			buildActionMask = 2147483647;
			files = (
				9A8B256A232EFAD300204CAD /* Localizable.strings in Resources */,
				9AA522C023415BDD00C9E005 /* InfoPlist.strings in Resources */,
			);
			runOnlyForDeploymentPostprocessing = 0;
		};
		DD4F7C0213C30F9F00825C6E /* Resources */ = {
			isa = PBXResourcesBuildPhase;
			buildActionMask = 2147483647;
			files = (
				9A13BAEA1CA88A76007C6CBE /* Localizable.strings in Resources */,
				357391882507277500D30819 /* HourMarkerViewItem.xib in Resources */,
				9A13BAE01CA882FA007C6CBE /* InfoPlist.strings in Resources */,
				35C36F912259EAF4002FA5C6 /* Preferences.storyboard in Resources */,
				9AB89E031CE97A4900EC8EB1 /* Media.xcassets in Resources */,
				9A13BAD61CA87F08007C6CBE /* Panel.xib in Resources */,
				35C36F17225961DA002FA5C6 /* DateTools.bundle in Resources */,
				9A3169C11D2CC5AA0079FDF8 /* com.tpak.MeridianHelper.plist in Resources */,
				9A56DB801C1CFB73004CE6AF /* MainMenu.xib in Resources */,
			);
			runOnlyForDeploymentPostprocessing = 0;
		};
/* End PBXResourcesBuildPhase section */


/* Begin PBXSourcesBuildPhase section */
		C20839C321515C1E00C86589 /* Sources */ = {
			isa = PBXSourcesBuildPhase;
			buildActionMask = 2147483647;
			files = (
				35584D1A27F0B64E006E3EAD /* AppDelegateTests.swift in Sources */,
				9A0385BB269E3434003B5E72 /* StandardMenubarHandlerTests.swift in Sources */,
				35621CFC27F66C1900926D5C /* SearchDataSourceTests.swift in Sources */,
				35584D1827F0B019006E3EAD /* DateFormatterManagerTests.swift in Sources */,
				C20839CA21515C1E00C86589 /* ClockerUnitTests.swift in Sources */,
				A1B2C3D400000001MOCK0001 /* MockURLProtocol.swift in Sources */,
				A1B2C3D400000003NWTEST01 /* NetworkManagerTests.swift in Sources */,
				B730E37E4596MOCKDATASTORE /* MockDataStore.swift in Sources */,
				3DEE1440C33BTZSORTINGTST /* TimezoneSortingManagerTests.swift in Sources */,
				919639F9D2F3GLOBALSHRTCUT /* GlobalShortcutMonitorTests.swift in Sources */,
				4726354D81E1NWMGRASYNCTS /* NetworkManagerAsyncTests.swift in Sources */,
				AA00000400000002PREFSTB1 /* PreferencesStoryboardTests.swift in Sources */,
			);
			runOnlyForDeploymentPostprocessing = 0;
		};
		C2BFE3DF2049F82300825BE5 /* Sources */ = {
			isa = PBXSourcesBuildPhase;
			buildActionMask = 2147483647;
			files = (
				9ABF455B268FDABA002C779B /* CopyToClipboardTests.swift in Sources */,
				C2F7821B20B70E3700B6CD07 /* AboutUsTests.swift in Sources */,
				C264A0C820B898D600CCD875 /* PanelTests.swift in Sources */,
				C264A0C520B897D800CCD875 /* PreferencesTest.swift in Sources */,
				C22F3D802107778A0001D5E1 /* ShortcutTests.swift in Sources */,
				C2D30A8A210245C6000BFAEE /* ReviewTests.swift in Sources */,
			);
			runOnlyForDeploymentPostprocessing = 0;
		};
		DD4F7C0013C30F9F00825C6E /* Sources */ = {
			isa = PBXSourcesBuildPhase;
			buildActionMask = 2147483647;
			files = (
				9AB6F1622259D1B000A44663 /* PreferencesDataSource.swift in Sources */,
				3508CC9A259A0001000E3530 /* StatusItemView.swift in Sources */,

				35C36F6F2259E185002FA5C6 /* CustomSliderCell.swift in Sources */,
				35C36F13225961DA002FA5C6 /* Date+TimeAgo.swift in Sources */,
				35C36F452259D892002FA5C6 /* Strings.swift in Sources */,
				357391872507277500D30819 /* TimeMarkerViewItem.swift in Sources */,
				35C36F782259E1D0002FA5C6 /* Foundation + Additions.swift in Sources */,
				35C36F16225961DA002FA5C6 /* Date+Inits.swift in Sources */,
				35C36F4F2259D981002FA5C6 /* AppDefaults.swift in Sources */,
				35C36F5D2259DD96002FA5C6 /* TimezoneDataOperations.swift in Sources */,
				3508CC942599FFEC000E3530 /* MenubarTitleProvider.swift in Sources */,
				35C36F14225961DA002FA5C6 /* Integer+DateTools.swift in Sources */,
				35C36F792259E1D0002FA5C6 /* String + Additions.swift in Sources */,
				35C36F422259D892002FA5C6 /* Timer.swift in Sources */,
				35C36F772259E1D0002FA5C6 /* AppKit + Additions.swift in Sources */,
				35C36F702259E185002FA5C6 /* BackgroundPanelView.swift in Sources */,
				9AB6F1582259CFFC00A44663 /* AboutViewController.swift in Sources */,
				AA000001SWIFTUI00000001 /* AboutView.swift in Sources */,
				35C36F2122596253002FA5C6 /* AppearanceViewController.swift in Sources */,

				35C36F372259D7C3002FA5C6 /* AddTableViewCell.swift in Sources */,
				35C36F12225961DA002FA5C6 /* Date+Components.swift in Sources */,
				35C36F2C2259D6FA002FA5C6 /* PanelController.swift in Sources */,
				35C36F10225961DA002FA5C6 /* Constants.swift in Sources */,
				35C36FA42259EEC2002FA5C6 /* AppDelegate.swift in Sources */,
				35C36F19225961DA002FA5C6 /* Enums.swift in Sources */,
				35C36F5A2259DD8A002FA5C6 /* CustomPanel.swift in Sources */,
				35C36F712259E185002FA5C6 /* NoTimezoneView.swift in Sources */,
				35C36F2B2259D6FA002FA5C6 /* ParentPanelController.swift in Sources */,
				35C36F582259DD8A002FA5C6 /* PanelTableView.swift in Sources */,
				35C36F18225961DA002FA5C6 /* Date+Comparators.swift in Sources */,
				35C36F1A225961DA002FA5C6 /* Date+Manipulations.swift in Sources */,
				35C36F572259DD8A002FA5C6 /* TimezoneDataSource.swift in Sources */,
				35C36F462259D892002FA5C6 /* DataStore.swift in Sources */,
				9ACF618D231DABAE00F5E51E /* SearchDataSource.swift in Sources */,
				3508CC9F259A000E000E3530 /* StatusItemHandler.swift in Sources */,
				35E65125268EDD2E00E3E1E3 /* Toasty.swift in Sources */,
				C2CCCD8220619C4C00F2DFC2 /* LocationController.swift in Sources */,
				35C36F4B2259D971002FA5C6 /* PointingHandCursorButton.swift in Sources */,
				3595FAD0227F88BC0044A12A /* UserDefaults + KVOExtensions.swift in Sources */,
				9AB6F1612259D1B000A44663 /* PreferencesViewController.swift in Sources */,
				818B546B7B8B47D88692CD80 /* GlobalShortcutMonitor.swift in Sources */,
				C31BD08A823D4B94BC9C69AC /* ShortcutRecorderButton.swift in Sources */,
				AA1B2C3D0002000000000001 /* TimezoneSortingManager.swift in Sources */,
				B1C2D3E40002000000TZADD1 /* TimezoneAdditionHandler.swift in Sources */,
				35C36F2022596253002FA5C6 /* OneWindowController.swift in Sources */,
				35C36F0E225961DA002FA5C6 /* Date+Bundle.swift in Sources */,
				9AB6F1642259D1B900A44663 /* ParentViewController.swift in Sources */,
				3508CCAA259A0027000E3530 /* StatusContainerView.swift in Sources */,
				35C36F4E2259D981002FA5C6 /* DateFormatterManager.swift in Sources */,
				35C36EFB2259616B002FA5C6 /* Solar.swift in Sources */,
				35C36F592259DD8A002FA5C6 /* TimezoneCellView.swift in Sources */,
				35C36F15225961DA002FA5C6 /* TimeChunk.swift in Sources */,
				35C36F482259D892002FA5C6 /* NetworkManager.swift in Sources */,
				A1B2C3D4E5F60002SEARCH02 /* TimezoneSearchService.swift in Sources */,
				3579765E2680208C009DDA6E /* ParentPanelController+ModernSlider.swift in Sources */,
				C4A3D93099C54195A921944E /* PanelContextMenu.swift in Sources */,
				AA000011MODERN00000001 /* UpcomingEventView.swift in Sources */,
				AA000013STARTU00000001 /* StartupManager.swift in Sources */,
			);
			runOnlyForDeploymentPostprocessing = 0;
		};
/* End PBXSourcesBuildPhase section */

/* Begin PBXTargetDependency section */
		9A5E75EB204CC39700119939 /* PBXTargetDependency */ = {
			isa = PBXTargetDependency;
		};
		C20839CD21515C1F00C86589 /* PBXTargetDependency */ = {
			isa = PBXTargetDependency;
			target = DD4F7C0313C30F9F00825C6E /* Clocker */;
			targetProxy = C20839CC21515C1F00C86589 /* PBXContainerItemProxy */;
		};
		C2BFE3E92049F82300825BE5 /* PBXTargetDependency */ = {
			isa = PBXTargetDependency;
			target = DD4F7C0313C30F9F00825C6E /* Clocker */;
			targetProxy = C2BFE3E82049F82300825BE5 /* PBXContainerItemProxy */;
		};
/* End PBXTargetDependency section */

/* Begin PBXVariantGroup section */
		9A13BAD81CA87F08007C6CBE /* Panel.xib */ = {
			isa = PBXVariantGroup;
			children = (
				9A13BAD71CA87F08007C6CBE /* en */,
			);
			name = Panel.xib;
			path = Clocker;
			sourceTree = "<group>";
		};
		9A13BAE21CA882FA007C6CBE /* InfoPlist.strings */ = {
			isa = PBXVariantGroup;
			children = (
				9A13BAE11CA882FA007C6CBE /* en */,
			);
			name = InfoPlist.strings;
			path = Clocker;
			sourceTree = "<group>";
		};
		9A13BAEC1CA88A76007C6CBE /* Localizable.strings */ = {
			isa = PBXVariantGroup;
			children = (
				9A13BAEB1CA88A76007C6CBE /* en */,
			);
			name = Localizable.strings;
			path = Clocker;
			sourceTree = "<group>";
		};
		9AA522BE23415BDD00C9E005 /* InfoPlist.strings */ = {
			isa = PBXVariantGroup;
			children = (
			);
			name = InfoPlist.strings;
			sourceTree = "<group>";
		};
		9AA522C123415BDD00C9E005 /* InfoPlist.strings */ = {
			isa = PBXVariantGroup;
			children = (
			);
			name = InfoPlist.strings;
			sourceTree = "<group>";
		};
/* End PBXVariantGroup section */

/* Begin XCBuildConfiguration section */
		9A5B1A8B1BECDB5B00A77C68 /* Distribution */ = {
			isa = XCBuildConfiguration;
			buildSettings = {
				ALWAYS_SEARCH_USER_PATHS = NO;
				CLANG_ANALYZER_LOCALIZABILITY_NONLOCALIZED = YES;
				CLANG_WARN_BLOCK_CAPTURE_AUTORELEASING = YES;
				CLANG_WARN_BOOL_CONVERSION = YES;
				CLANG_WARN_COMMA = YES;
				CLANG_WARN_CONSTANT_CONVERSION = YES;
				CLANG_WARN_DEPRECATED_OBJC_IMPLEMENTATIONS = YES;
				CLANG_WARN_EMPTY_BODY = YES;
				CLANG_WARN_ENUM_CONVERSION = YES;
				CLANG_WARN_INFINITE_RECURSION = YES;
				CLANG_WARN_INT_CONVERSION = YES;
				CLANG_WARN_NON_LITERAL_NULL_CONVERSION = YES;
				CLANG_WARN_OBJC_IMPLICIT_RETAIN_SELF = YES;
				CLANG_WARN_OBJC_LITERAL_CONVERSION = YES;
				CLANG_WARN_QUOTED_INCLUDE_IN_FRAMEWORK_HEADER = YES;
				CLANG_WARN_RANGE_LOOP_ANALYSIS = YES;
				CLANG_WARN_STRICT_PROTOTYPES = YES;
				CLANG_WARN_SUSPICIOUS_MOVE = YES;
				CLANG_WARN_UNREACHABLE_CODE = YES;
				CLANG_WARN__DUPLICATE_METHOD_MATCH = YES;
				CODE_SIGN_IDENTITY = "-";
				COPY_PHASE_STRIP = YES;
				DEBUG_INFORMATION_FORMAT = "dwarf-with-dsym";
				DEVELOPMENT_TEAM = AJS5SNW8EY;
				ENABLE_STRICT_OBJC_MSGSEND = YES;
				GCC_C_LANGUAGE_STANDARD = gnu99;
				GCC_ENABLE_OBJC_EXCEPTIONS = YES;
				GCC_NO_COMMON_BLOCKS = YES;
				GCC_VERSION = com.apple.compilers.llvm.clang.1_0;
				GCC_WARN_64_TO_32_BIT_CONVERSION = YES;
				GCC_WARN_ABOUT_MISSING_PROTOTYPES = YES;
				GCC_WARN_ABOUT_RETURN_TYPE = YES;
				GCC_WARN_UNDECLARED_SELECTOR = YES;
				GCC_WARN_UNINITIALIZED_AUTOS = YES;
				GCC_WARN_UNUSED_FUNCTION = YES;
				GCC_WARN_UNUSED_VARIABLE = YES;
				MACOSX_DEPLOYMENT_TARGET = 13.0;
				ONLY_ACTIVE_ARCH = YES;
				PROVISIONING_PROFILE = "";
				SDKROOT = macosx;
				SWIFT_VERSION = 4.2;
			};
			name = Distribution;
		};
		9A5B1A8C1BECDB5B00A77C68 /* Distribution */ = {
			isa = XCBuildConfiguration;
			buildSettings = {
				ASSETCATALOG_COMPILER_APPICON_NAME = AppIcon;
				ASSETCATALOG_COMPILER_GLOBAL_ACCENT_COLOR_NAME = "Accent Color";
				CLANG_ANALYZER_GCD_PERFORMANCE = YES;
				CLANG_ANALYZER_LOCALIZABILITY_EMPTY_CONTEXT = YES;
				CLANG_ANALYZER_SECURITY_FLOATLOOPCOUNTER = YES;
				CLANG_ANALYZER_SECURITY_INSECUREAPI_RAND = YES;
				CLANG_ANALYZER_SECURITY_INSECUREAPI_STRCPY = YES;
				CLANG_ENABLE_MODULES = YES;
				CLANG_ENABLE_OBJC_ARC = YES;
				CLANG_STATIC_ANALYZER_MODE = deep;
				CLANG_WARN_ASSIGN_ENUM = YES;
				CLANG_WARN_DOCUMENTATION_COMMENTS = YES;
				CLANG_WARN_FRAMEWORK_INCLUDE_PRIVATE_FROM_PUBLIC = YES;
				CLANG_WARN_IMPLICIT_SIGN_CONVERSION = YES;
				CLANG_WARN_OBJC_IMPLICIT_ATOMIC_PROPERTIES = YES;
				CLANG_WARN_OBJC_INTERFACE_IVARS = YES;
				CLANG_WARN_OBJC_MISSING_PROPERTY_SYNTHESIS = YES;
				CLANG_WARN_SEMICOLON_BEFORE_METHOD_BODY = YES;
				CLANG_WARN_SUSPICIOUS_IMPLICIT_CONVERSION = YES;
				CODE_SIGN_ENTITLEMENTS = Clocker/Clocker.entitlements;
				CODE_SIGN_IDENTITY = "-";
				"CODE_SIGN_IDENTITY[sdk=macosx*]" = "-";
				CODE_SIGN_STYLE = Manual;
				COMBINE_HIDPI_IMAGES = YES;
				COPY_PHASE_STRIP = NO;
				CURRENT_PROJECT_VERSION = 1;
				DEFINES_MODULE = YES;
				DEVELOPMENT_TEAM = "";
				ENABLE_HARDENED_RUNTIME = YES;
				FRAMEWORK_SEARCH_PATHS = (
					"$(inherited)",
					"$(PROJECT_DIR)",
					"$(PROJECT_DIR)/Frameworks",
				);
				GCC_PRECOMPILE_PREFIX_HEADER = YES;
				GCC_PREFIX_HEADER = "Clocker/Clocker-Prefix.pch";
				"GCC_PREPROCESSOR_DEFINITIONS[arch=*]" = "";
				GCC_TREAT_IMPLICIT_FUNCTION_DECLARATIONS_AS_ERRORS = YES;
				GCC_TREAT_INCOMPATIBLE_POINTER_TYPE_WARNINGS_AS_ERRORS = YES;
				GCC_TREAT_WARNINGS_AS_ERRORS = YES;
				GCC_WARN_ABOUT_DEPRECATED_FUNCTIONS = NO;
				GCC_WARN_ABOUT_MISSING_FIELD_INITIALIZERS = YES;
				GCC_WARN_ABOUT_MISSING_NEWLINE = YES;
				GCC_WARN_FOUR_CHARACTER_CONSTANTS = YES;
				GCC_WARN_INITIALIZER_NOT_FULLY_BRACKETED = YES;
				GCC_WARN_SHADOW = YES;
				GCC_WARN_SIGN_COMPARE = YES;
				GCC_WARN_STRICT_SELECTOR_MATCH = YES;
				GCC_WARN_UNKNOWN_PRAGMAS = YES;
				GCC_WARN_UNUSED_LABEL = YES;
				GCC_WARN_UNUSED_PARAMETER = NO;
				INFOPLIST_FILE = "Clocker/Clocker-Info.plist";
				LD_RUNPATH_SEARCH_PATHS = (
					"$(inherited)",
					"@executable_path/../Frameworks",
				);
				MACOSX_DEPLOYMENT_TARGET = 13.0;
				MARKETING_VERSION = 2.0.0;
				ONLY_ACTIVE_ARCH = YES;
				OTHER_LDFLAGS = "-ObjC";
				PRODUCT_BUNDLE_IDENTIFIER = com.tpak.Meridian;
				PRODUCT_NAME = Meridian;
				PROVISIONING_PROFILE = "71701bee-fee7-4927-b6e9-20d9a78ef29c";
				PROVISIONING_PROFILE_SPECIFIER = "";
				RUN_CLANG_STATIC_ANALYZER = YES;
				SDKROOT = macosx;
				SWIFT_TREAT_WARNINGS_AS_ERRORS = YES;
				SWIFT_VERSION = 5.0;
				VERSIONING_SYSTEM = "apple-generic";
				WRAPPER_EXTENSION = app;
			};
			name = Distribution;
		};
		C20839CE21515C1F00C86589 /* Debug */ = {
			isa = XCBuildConfiguration;
			buildSettings = {
				BUNDLE_LOADER = "$(TEST_HOST)";
				CLANG_ANALYZER_NONNULL = YES;
				CLANG_ANALYZER_NUMBER_OBJECT_CONVERSION = YES_AGGRESSIVE;
				CLANG_CXX_LANGUAGE_STANDARD = "gnu++14";
				CLANG_CXX_LIBRARY = "libc++";
				CLANG_ENABLE_MODULES = YES;
				CLANG_ENABLE_OBJC_ARC = YES;
				CLANG_ENABLE_OBJC_WEAK = YES;
				CLANG_WARN_DIRECT_OBJC_ISA_USAGE = YES_ERROR;
				CLANG_WARN_DOCUMENTATION_COMMENTS = YES;
				CLANG_WARN_OBJC_ROOT_CLASS = YES_ERROR;
				CLANG_WARN_UNGUARDED_AVAILABILITY = YES_AGGRESSIVE;
				CODE_SIGN_STYLE = Manual;
				COMBINE_HIDPI_IMAGES = YES;
				DEBUG_INFORMATION_FORMAT = dwarf;
				DEVELOPMENT_TEAM = "";
				ENABLE_HARDENED_RUNTIME = YES;
				FRAMEWORK_SEARCH_PATHS = (
					"$(PROJECT_DIR)/Frameworks",
					"$(PROJECT_DIR)",
					"$(inherited)",
				);
				GCC_C_LANGUAGE_STANDARD = gnu11;
				GCC_WARN_ABOUT_RETURN_TYPE = YES_ERROR;
				GCC_WARN_UNINITIALIZED_AUTOS = YES_AGGRESSIVE;
				INFOPLIST_FILE = ClockerUnitTests/Info.plist;
				LD_RUNPATH_SEARCH_PATHS = (
					"$(inherited)",
					"@executable_path/../Frameworks",
					"@loader_path/../Frameworks",
				);
				MACOSX_DEPLOYMENT_TARGET = 13.0;
				MTL_ENABLE_DEBUG_INFO = INCLUDE_SOURCE;
				MTL_FAST_MATH = YES;
				ONLY_ACTIVE_ARCH = YES;
				PRODUCT_BUNDLE_IDENTIFIER = com.tpak.MeridianUnitTests;
				PRODUCT_NAME = "$(TARGET_NAME)";
				PROVISIONING_PROFILE_SPECIFIER = "";
				SWIFT_ACTIVE_COMPILATION_CONDITIONS = DEBUG;
				SWIFT_OPTIMIZATION_LEVEL = "-Onone";
				SWIFT_VERSION = 5.0;
				TEST_HOST = "$(BUILT_PRODUCTS_DIR)/Meridian.app/Contents/MacOS/Meridian";
			};
			name = Debug;
		};
		C20839CF21515C1F00C86589 /* Release */ = {
			isa = XCBuildConfiguration;
			buildSettings = {
				BUNDLE_LOADER = "$(TEST_HOST)";
				CLANG_ANALYZER_NONNULL = YES;
				CLANG_ANALYZER_NUMBER_OBJECT_CONVERSION = YES_AGGRESSIVE;
				CLANG_CXX_LANGUAGE_STANDARD = "gnu++14";
				CLANG_CXX_LIBRARY = "libc++";
				CLANG_ENABLE_MODULES = YES;
				CLANG_ENABLE_OBJC_ARC = YES;
				CLANG_ENABLE_OBJC_WEAK = YES;
				CLANG_WARN_DIRECT_OBJC_ISA_USAGE = YES_ERROR;
				CLANG_WARN_DOCUMENTATION_COMMENTS = YES;
				CLANG_WARN_OBJC_ROOT_CLASS = YES_ERROR;
				CLANG_WARN_UNGUARDED_AVAILABILITY = YES_AGGRESSIVE;
				CODE_SIGN_STYLE = Manual;
				COMBINE_HIDPI_IMAGES = YES;
				COPY_PHASE_STRIP = NO;
				DEVELOPMENT_TEAM = "";
				ENABLE_HARDENED_RUNTIME = YES;
				ENABLE_NS_ASSERTIONS = NO;
				FRAMEWORK_SEARCH_PATHS = (
					"$(PROJECT_DIR)/Frameworks",
					"$(PROJECT_DIR)",
					"$(inherited)",
				);
				GCC_C_LANGUAGE_STANDARD = gnu11;
				GCC_WARN_ABOUT_RETURN_TYPE = YES_ERROR;
				GCC_WARN_UNINITIALIZED_AUTOS = YES_AGGRESSIVE;
				INFOPLIST_FILE = ClockerUnitTests/Info.plist;
				LD_RUNPATH_SEARCH_PATHS = (
					"$(inherited)",
					"@executable_path/../Frameworks",
					"@loader_path/../Frameworks",
				);
				MACOSX_DEPLOYMENT_TARGET = 13.0;
				MTL_ENABLE_DEBUG_INFO = NO;
				MTL_FAST_MATH = YES;
				ONLY_ACTIVE_ARCH = YES;
				PRODUCT_BUNDLE_IDENTIFIER = com.tpak.MeridianUnitTests;
				PRODUCT_NAME = "$(TARGET_NAME)";
				PROVISIONING_PROFILE_SPECIFIER = "";
				SWIFT_VERSION = 5.0;
				TEST_HOST = "$(BUILT_PRODUCTS_DIR)/Meridian.app/Contents/MacOS/Meridian";
			};
			name = Release;
		};
		C20839D021515C1F00C86589 /* Distribution */ = {
			isa = XCBuildConfiguration;
			buildSettings = {
				BUNDLE_LOADER = "$(TEST_HOST)";
				CLANG_ANALYZER_NONNULL = YES;
				CLANG_ANALYZER_NUMBER_OBJECT_CONVERSION = YES_AGGRESSIVE;
				CLANG_CXX_LANGUAGE_STANDARD = "gnu++14";
				CLANG_CXX_LIBRARY = "libc++";
				CLANG_ENABLE_MODULES = YES;
				CLANG_ENABLE_OBJC_ARC = YES;
				CLANG_ENABLE_OBJC_WEAK = YES;
				CLANG_WARN_DIRECT_OBJC_ISA_USAGE = YES_ERROR;
				CLANG_WARN_DOCUMENTATION_COMMENTS = YES;
				CLANG_WARN_OBJC_ROOT_CLASS = YES_ERROR;
				CLANG_WARN_UNGUARDED_AVAILABILITY = YES_AGGRESSIVE;
				CODE_SIGN_STYLE = Manual;
				COMBINE_HIDPI_IMAGES = YES;
				COPY_PHASE_STRIP = NO;
				DEVELOPMENT_TEAM = "";
				ENABLE_HARDENED_RUNTIME = YES;
				ENABLE_NS_ASSERTIONS = NO;
				FRAMEWORK_SEARCH_PATHS = (
					"$(PROJECT_DIR)/Frameworks",
					"$(PROJECT_DIR)",
					"$(inherited)",
				);
				GCC_C_LANGUAGE_STANDARD = gnu11;
				GCC_WARN_ABOUT_RETURN_TYPE = YES_ERROR;
				GCC_WARN_UNINITIALIZED_AUTOS = YES_AGGRESSIVE;
				INFOPLIST_FILE = ClockerUnitTests/Info.plist;
				LD_RUNPATH_SEARCH_PATHS = (
					"$(inherited)",
					"@executable_path/../Frameworks",
					"@loader_path/../Frameworks",
				);
				MACOSX_DEPLOYMENT_TARGET = 13.0;
				MTL_ENABLE_DEBUG_INFO = NO;
				MTL_FAST_MATH = YES;
				ONLY_ACTIVE_ARCH = YES;
				PRODUCT_BUNDLE_IDENTIFIER = com.tpak.MeridianUnitTests;
				PRODUCT_NAME = "$(TARGET_NAME)";
				PROVISIONING_PROFILE_SPECIFIER = "";
				SWIFT_VERSION = 5.0;
				TEST_HOST = "$(BUILT_PRODUCTS_DIR)/Meridian.app/Contents/MacOS/Meridian";
			};
			name = Distribution;
		};
		C2BFE3EB2049F82300825BE5 /* Debug */ = {
			isa = XCBuildConfiguration;
			buildSettings = {
				ALWAYS_EMBED_SWIFT_STANDARD_LIBRARIES = NO;
				CLANG_ANALYZER_NONNULL = YES;
				CLANG_ANALYZER_NUMBER_OBJECT_CONVERSION = YES_AGGRESSIVE;
				CLANG_CXX_LANGUAGE_STANDARD = "gnu++14";
				CLANG_CXX_LIBRARY = "libc++";
				CLANG_ENABLE_MODULES = YES;
				CLANG_ENABLE_OBJC_ARC = YES;
				CLANG_WARN_DIRECT_OBJC_ISA_USAGE = YES_ERROR;
				CLANG_WARN_DOCUMENTATION_COMMENTS = YES;
				CLANG_WARN_OBJC_ROOT_CLASS = YES_ERROR;
				CLANG_WARN_UNGUARDED_AVAILABILITY = YES_AGGRESSIVE;
				CODE_SIGN_IDENTITY = "-";
				CODE_SIGN_STYLE = Manual;
				COMBINE_HIDPI_IMAGES = YES;
				DEBUG_INFORMATION_FORMAT = dwarf;
				DEVELOPMENT_TEAM = "";
				ENABLE_HARDENED_RUNTIME = YES;
				FRAMEWORK_SEARCH_PATHS = (
					"$(inherited)",
					"$(PROJECT_DIR)",
				);
				GCC_C_LANGUAGE_STANDARD = gnu11;
				GCC_WARN_ABOUT_RETURN_TYPE = YES_ERROR;
				GCC_WARN_UNINITIALIZED_AUTOS = YES_AGGRESSIVE;
				INFOPLIST_FILE = ClockerUITests/Info.plist;
				LD_RUNPATH_SEARCH_PATHS = (
					"$(inherited)",
					"@executable_path/../Frameworks",
					"@loader_path/../Frameworks",
				);
				MTL_ENABLE_DEBUG_INFO = YES;
				ONLY_ACTIVE_ARCH = YES;
				PRODUCT_BUNDLE_IDENTIFIER = com.tpak.MeridianUITests;
				PRODUCT_NAME = "$(TARGET_NAME)";
				PROVISIONING_PROFILE_SPECIFIER = "";
				SWIFT_OPTIMIZATION_LEVEL = "-Onone";
				SWIFT_VERSION = 5.0;
				TEST_TARGET_NAME = Clocker;
			};
			name = Debug;
		};
		C2BFE3EC2049F82300825BE5 /* Release */ = {
			isa = XCBuildConfiguration;
			buildSettings = {
				ALWAYS_EMBED_SWIFT_STANDARD_LIBRARIES = NO;
				CLANG_ANALYZER_NONNULL = YES;
				CLANG_ANALYZER_NUMBER_OBJECT_CONVERSION = YES_AGGRESSIVE;
				CLANG_CXX_LANGUAGE_STANDARD = "gnu++14";
				CLANG_CXX_LIBRARY = "libc++";
				CLANG_ENABLE_MODULES = YES;
				CLANG_ENABLE_OBJC_ARC = YES;
				CLANG_WARN_DIRECT_OBJC_ISA_USAGE = YES_ERROR;
				CLANG_WARN_DOCUMENTATION_COMMENTS = YES;
				CLANG_WARN_OBJC_ROOT_CLASS = YES_ERROR;
				CLANG_WARN_UNGUARDED_AVAILABILITY = YES_AGGRESSIVE;
				CODE_SIGN_IDENTITY = "-";
				CODE_SIGN_STYLE = Manual;
				COMBINE_HIDPI_IMAGES = YES;
				COPY_PHASE_STRIP = NO;
				DEVELOPMENT_TEAM = "";
				ENABLE_HARDENED_RUNTIME = YES;
				ENABLE_NS_ASSERTIONS = NO;
				ENABLE_TESTABILITY = YES;
				FRAMEWORK_SEARCH_PATHS = (
					"$(inherited)",
					"$(PROJECT_DIR)",
				);
				GCC_C_LANGUAGE_STANDARD = gnu11;
				GCC_WARN_ABOUT_RETURN_TYPE = YES_ERROR;
				GCC_WARN_UNINITIALIZED_AUTOS = YES_AGGRESSIVE;
				INFOPLIST_FILE = ClockerUITests/Info.plist;
				LD_RUNPATH_SEARCH_PATHS = (
					"$(inherited)",
					"@executable_path/../Frameworks",
					"@loader_path/../Frameworks",
				);
				MTL_ENABLE_DEBUG_INFO = NO;
				ONLY_ACTIVE_ARCH = YES;
				PRODUCT_BUNDLE_IDENTIFIER = com.tpak.MeridianUITests;
				PRODUCT_NAME = "$(TARGET_NAME)";
				PROVISIONING_PROFILE_SPECIFIER = "";
				SWIFT_VERSION = 5.0;
				TEST_TARGET_NAME = Clocker;
			};
			name = Release;
		};
		C2BFE3ED2049F82300825BE5 /* Distribution */ = {
			isa = XCBuildConfiguration;
			buildSettings = {
				ALWAYS_EMBED_SWIFT_STANDARD_LIBRARIES = NO;
				CLANG_ANALYZER_NONNULL = YES;
				CLANG_ANALYZER_NUMBER_OBJECT_CONVERSION = YES_AGGRESSIVE;
				CLANG_CXX_LANGUAGE_STANDARD = "gnu++14";
				CLANG_CXX_LIBRARY = "libc++";
				CLANG_ENABLE_MODULES = YES;
				CLANG_ENABLE_OBJC_ARC = YES;
				CLANG_WARN_DIRECT_OBJC_ISA_USAGE = YES_ERROR;
				CLANG_WARN_DOCUMENTATION_COMMENTS = YES;
				CLANG_WARN_OBJC_ROOT_CLASS = YES_ERROR;
				CLANG_WARN_UNGUARDED_AVAILABILITY = YES_AGGRESSIVE;
				CODE_SIGN_IDENTITY = "-";
				CODE_SIGN_STYLE = Manual;
				COMBINE_HIDPI_IMAGES = YES;
				COPY_PHASE_STRIP = NO;
				DEVELOPMENT_TEAM = "";
				ENABLE_HARDENED_RUNTIME = YES;
				ENABLE_NS_ASSERTIONS = NO;
				ENABLE_TESTABILITY = YES;
				FRAMEWORK_SEARCH_PATHS = (
					"$(inherited)",
					"$(PROJECT_DIR)",
				);
				GCC_C_LANGUAGE_STANDARD = gnu11;
				GCC_WARN_ABOUT_RETURN_TYPE = YES_ERROR;
				GCC_WARN_UNINITIALIZED_AUTOS = YES_AGGRESSIVE;
				INFOPLIST_FILE = ClockerUITests/Info.plist;
				LD_RUNPATH_SEARCH_PATHS = (
					"$(inherited)",
					"@executable_path/../Frameworks",
					"@loader_path/../Frameworks",
				);
				MTL_ENABLE_DEBUG_INFO = NO;
				ONLY_ACTIVE_ARCH = YES;
				PRODUCT_BUNDLE_IDENTIFIER = com.tpak.MeridianUITests;
				PRODUCT_NAME = "$(TARGET_NAME)";
				PROVISIONING_PROFILE_SPECIFIER = "";
				SWIFT_VERSION = 5.0;
				TEST_TARGET_NAME = Clocker;
			};
			name = Distribution;
		};
		DD4F7C2013C30F9F00825C6E /* Debug */ = {
			isa = XCBuildConfiguration;
			buildSettings = {
				ALWAYS_SEARCH_USER_PATHS = NO;
				CLANG_ANALYZER_LOCALIZABILITY_NONLOCALIZED = YES;
				CLANG_WARN_BLOCK_CAPTURE_AUTORELEASING = YES;
				CLANG_WARN_BOOL_CONVERSION = YES;
				CLANG_WARN_COMMA = YES;
				CLANG_WARN_CONSTANT_CONVERSION = YES;
				CLANG_WARN_DEPRECATED_OBJC_IMPLEMENTATIONS = YES;
				CLANG_WARN_EMPTY_BODY = YES;
				CLANG_WARN_ENUM_CONVERSION = YES;
				CLANG_WARN_INFINITE_RECURSION = YES;
				CLANG_WARN_INT_CONVERSION = YES;
				CLANG_WARN_NON_LITERAL_NULL_CONVERSION = YES;
				CLANG_WARN_OBJC_IMPLICIT_RETAIN_SELF = YES;
				CLANG_WARN_OBJC_LITERAL_CONVERSION = YES;
				CLANG_WARN_QUOTED_INCLUDE_IN_FRAMEWORK_HEADER = YES;
				CLANG_WARN_RANGE_LOOP_ANALYSIS = YES;
				CLANG_WARN_STRICT_PROTOTYPES = YES;
				CLANG_WARN_SUSPICIOUS_MOVE = YES;
				CLANG_WARN_UNREACHABLE_CODE = YES;
				CLANG_WARN__DUPLICATE_METHOD_MATCH = YES;
				CODE_SIGN_IDENTITY = "-";
				COPY_PHASE_STRIP = NO;
				DEVELOPMENT_TEAM = AJS5SNW8EY;
				ENABLE_STRICT_OBJC_MSGSEND = YES;
				ENABLE_TESTABILITY = YES;
				GCC_C_LANGUAGE_STANDARD = gnu99;
				GCC_DYNAMIC_NO_PIC = NO;
				GCC_ENABLE_OBJC_EXCEPTIONS = YES;
				GCC_NO_COMMON_BLOCKS = YES;
				GCC_OPTIMIZATION_LEVEL = 0;
				GCC_PREPROCESSOR_DEFINITIONS = (
					"DEBUG=1",
					"$(inherited)",
				);
				GCC_SYMBOLS_PRIVATE_EXTERN = NO;
				GCC_VERSION = com.apple.compilers.llvm.clang.1_0;
				GCC_WARN_64_TO_32_BIT_CONVERSION = YES;
				GCC_WARN_ABOUT_MISSING_PROTOTYPES = YES;
				GCC_WARN_ABOUT_RETURN_TYPE = YES;
				GCC_WARN_UNDECLARED_SELECTOR = YES;
				GCC_WARN_UNINITIALIZED_AUTOS = YES;
				GCC_WARN_UNUSED_FUNCTION = YES;
				GCC_WARN_UNUSED_VARIABLE = YES;
				MACOSX_DEPLOYMENT_TARGET = 13.0;
				ONLY_ACTIVE_ARCH = YES;
				PROVISIONING_PROFILE = "";
				SDKROOT = macosx;
				SWIFT_VERSION = 4.2;
			};
			name = Debug;
		};
		DD4F7C2113C30F9F00825C6E /* Release */ = {
			isa = XCBuildConfiguration;
			buildSettings = {
				ALWAYS_SEARCH_USER_PATHS = NO;
				CLANG_ANALYZER_LOCALIZABILITY_NONLOCALIZED = YES;
				CLANG_WARN_BLOCK_CAPTURE_AUTORELEASING = YES;
				CLANG_WARN_BOOL_CONVERSION = YES;
				CLANG_WARN_COMMA = YES;
				CLANG_WARN_CONSTANT_CONVERSION = YES;
				CLANG_WARN_DEPRECATED_OBJC_IMPLEMENTATIONS = YES;
				CLANG_WARN_EMPTY_BODY = YES;
				CLANG_WARN_ENUM_CONVERSION = YES;
				CLANG_WARN_INFINITE_RECURSION = YES;
				CLANG_WARN_INT_CONVERSION = YES;
				CLANG_WARN_NON_LITERAL_NULL_CONVERSION = YES;
				CLANG_WARN_OBJC_IMPLICIT_RETAIN_SELF = YES;
				CLANG_WARN_OBJC_LITERAL_CONVERSION = YES;
				CLANG_WARN_QUOTED_INCLUDE_IN_FRAMEWORK_HEADER = YES;
				CLANG_WARN_RANGE_LOOP_ANALYSIS = YES;
				CLANG_WARN_STRICT_PROTOTYPES = YES;
				CLANG_WARN_SUSPICIOUS_MOVE = YES;
				CLANG_WARN_UNREACHABLE_CODE = YES;
				CLANG_WARN__DUPLICATE_METHOD_MATCH = YES;
				CODE_SIGN_IDENTITY = "-";
				COPY_PHASE_STRIP = YES;
				DEBUG_INFORMATION_FORMAT = "dwarf-with-dsym";
				DEVELOPMENT_TEAM = AJS5SNW8EY;
				ENABLE_STRICT_OBJC_MSGSEND = YES;
				GCC_C_LANGUAGE_STANDARD = gnu99;
				GCC_ENABLE_OBJC_EXCEPTIONS = YES;
				GCC_NO_COMMON_BLOCKS = YES;
				GCC_VERSION = com.apple.compilers.llvm.clang.1_0;
				GCC_WARN_64_TO_32_BIT_CONVERSION = YES;
				GCC_WARN_ABOUT_MISSING_PROTOTYPES = YES;
				GCC_WARN_ABOUT_RETURN_TYPE = YES;
				GCC_WARN_UNDECLARED_SELECTOR = YES;
				GCC_WARN_UNINITIALIZED_AUTOS = YES;
				GCC_WARN_UNUSED_FUNCTION = YES;
				GCC_WARN_UNUSED_VARIABLE = YES;
				MACOSX_DEPLOYMENT_TARGET = 13.0;
				ONLY_ACTIVE_ARCH = YES;
				PROVISIONING_PROFILE = "";
				SDKROOT = macosx;
				SWIFT_COMPILATION_MODE = wholemodule;
				SWIFT_OPTIMIZATION_LEVEL = "-O";
				SWIFT_VERSION = 4.2;
			};
			name = Release;
		};
		DD4F7C2313C30F9F00825C6E /* Debug */ = {
			isa = XCBuildConfiguration;
			buildSettings = {
				ASSETCATALOG_COMPILER_APPICON_NAME = AppIcon;
				ASSETCATALOG_COMPILER_GLOBAL_ACCENT_COLOR_NAME = "Accent Color";
				CLANG_ANALYZER_GCD_PERFORMANCE = YES;
				CLANG_ANALYZER_LOCALIZABILITY_EMPTY_CONTEXT = YES;
				CLANG_ANALYZER_SECURITY_FLOATLOOPCOUNTER = YES;
				CLANG_ANALYZER_SECURITY_INSECUREAPI_RAND = YES;
				CLANG_ANALYZER_SECURITY_INSECUREAPI_STRCPY = YES;
				CLANG_ENABLE_MODULES = YES;
				CLANG_ENABLE_OBJC_ARC = YES;
				CLANG_STATIC_ANALYZER_MODE = deep;
				CLANG_WARN_ASSIGN_ENUM = YES;
				CLANG_WARN_DOCUMENTATION_COMMENTS = YES;
				CLANG_WARN_FRAMEWORK_INCLUDE_PRIVATE_FROM_PUBLIC = YES;
				CLANG_WARN_IMPLICIT_SIGN_CONVERSION = YES;
				CLANG_WARN_OBJC_IMPLICIT_ATOMIC_PROPERTIES = YES;
				CLANG_WARN_OBJC_INTERFACE_IVARS = YES;
				CLANG_WARN_OBJC_MISSING_PROPERTY_SYNTHESIS = YES;
				CLANG_WARN_SEMICOLON_BEFORE_METHOD_BODY = YES;
				CLANG_WARN_SUSPICIOUS_IMPLICIT_CONVERSION = YES;
				CODE_SIGN_ENTITLEMENTS = Clocker/Clocker.entitlements;
				CODE_SIGN_IDENTITY = "Mac Developer";
				"CODE_SIGN_IDENTITY[sdk=macosx*]" = "-";
				CODE_SIGN_STYLE = Manual;
				COMBINE_HIDPI_IMAGES = YES;
				COPY_PHASE_STRIP = NO;
				CURRENT_PROJECT_VERSION = 1;
				DEBUG_INFORMATION_FORMAT = "dwarf-with-dsym";
				DEFINES_MODULE = YES;
				DEVELOPMENT_TEAM = "";
				ENABLE_HARDENED_RUNTIME = YES;
				FRAMEWORK_SEARCH_PATHS = (
					"$(inherited)",
					"$(PROJECT_DIR)",
					"$(PROJECT_DIR)/Frameworks",
				);
				GCC_PRECOMPILE_PREFIX_HEADER = YES;
				GCC_PREFIX_HEADER = "Clocker/Clocker-Prefix.pch";
				GCC_PREPROCESSOR_DEFINITIONS = DEBUG;
				GCC_TREAT_IMPLICIT_FUNCTION_DECLARATIONS_AS_ERRORS = YES;
				GCC_TREAT_INCOMPATIBLE_POINTER_TYPE_WARNINGS_AS_ERRORS = YES;
				GCC_TREAT_WARNINGS_AS_ERRORS = YES;
				GCC_WARN_ABOUT_DEPRECATED_FUNCTIONS = YES;
				GCC_WARN_ABOUT_MISSING_FIELD_INITIALIZERS = YES;
				GCC_WARN_ABOUT_MISSING_NEWLINE = YES;
				GCC_WARN_FOUR_CHARACTER_CONSTANTS = YES;
				GCC_WARN_INITIALIZER_NOT_FULLY_BRACKETED = YES;
				GCC_WARN_SHADOW = YES;
				GCC_WARN_SIGN_COMPARE = YES;
				GCC_WARN_STRICT_SELECTOR_MATCH = YES;
				GCC_WARN_UNKNOWN_PRAGMAS = YES;
				GCC_WARN_UNUSED_LABEL = YES;
				GCC_WARN_UNUSED_PARAMETER = YES;
				INFOPLIST_FILE = "Clocker/Clocker-Info.plist";
				LD_RUNPATH_SEARCH_PATHS = (
					"$(inherited)",
					"@executable_path/../Frameworks",
				);
				MACOSX_DEPLOYMENT_TARGET = 13.0;
				MARKETING_VERSION = 2.0.0;
				ONLY_ACTIVE_ARCH = YES;
				OTHER_LDFLAGS = "-ObjC";
				"OTHER_SWIFT_FLAGS[arch=*]" = "-D DEBUG";
				PRODUCT_BUNDLE_IDENTIFIER = com.tpak.Meridian;
				PRODUCT_NAME = Meridian;
				PROVISIONING_PROFILE = "";
				PROVISIONING_PROFILE_SPECIFIER = "";
				RUN_CLANG_STATIC_ANALYZER = YES;
				SDKROOT = macosx;
				SWIFT_OPTIMIZATION_LEVEL = "-Onone";
				SWIFT_TREAT_WARNINGS_AS_ERRORS = YES;
				SWIFT_VERSION = 5.0;
				"TEST_HOST[sdk=*]" = Meridian;
				VERSIONING_SYSTEM = "apple-generic";
				WRAPPER_EXTENSION = app;
			};
			name = Debug;
		};
		DD4F7C2413C30F9F00825C6E /* Release */ = {
			isa = XCBuildConfiguration;
			buildSettings = {
				ASSETCATALOG_COMPILER_APPICON_NAME = AppIcon;
				ASSETCATALOG_COMPILER_GLOBAL_ACCENT_COLOR_NAME = "Accent Color";
				CLANG_ANALYZER_GCD_PERFORMANCE = YES;
				CLANG_ANALYZER_LOCALIZABILITY_EMPTY_CONTEXT = YES;
				CLANG_ANALYZER_SECURITY_FLOATLOOPCOUNTER = YES;
				CLANG_ANALYZER_SECURITY_INSECUREAPI_RAND = YES;
				CLANG_ANALYZER_SECURITY_INSECUREAPI_STRCPY = YES;
				CLANG_ENABLE_MODULES = YES;
				CLANG_ENABLE_OBJC_ARC = YES;
				CLANG_STATIC_ANALYZER_MODE = deep;
				CLANG_WARN_ASSIGN_ENUM = YES;
				CLANG_WARN_DOCUMENTATION_COMMENTS = YES;
				CLANG_WARN_FRAMEWORK_INCLUDE_PRIVATE_FROM_PUBLIC = YES;
				CLANG_WARN_IMPLICIT_SIGN_CONVERSION = YES;
				CLANG_WARN_OBJC_IMPLICIT_ATOMIC_PROPERTIES = YES;
				CLANG_WARN_OBJC_INTERFACE_IVARS = YES;
				CLANG_WARN_OBJC_MISSING_PROPERTY_SYNTHESIS = YES;
				CLANG_WARN_SEMICOLON_BEFORE_METHOD_BODY = YES;
				CLANG_WARN_SUSPICIOUS_IMPLICIT_CONVERSION = YES;
				CODE_SIGN_ENTITLEMENTS = Clocker/Clocker.entitlements;
				CODE_SIGN_IDENTITY = "-";
				"CODE_SIGN_IDENTITY[sdk=macosx*]" = "-";
				CODE_SIGN_STYLE = Manual;
				COMBINE_HIDPI_IMAGES = YES;
				COPY_PHASE_STRIP = NO;
				CURRENT_PROJECT_VERSION = 1;
				DEFINES_MODULE = YES;
				DEVELOPMENT_TEAM = "";
				ENABLE_HARDENED_RUNTIME = YES;
				FRAMEWORK_SEARCH_PATHS = (
					"$(inherited)",
					"$(PROJECT_DIR)",
					"$(PROJECT_DIR)/Frameworks",
				);
				GCC_PRECOMPILE_PREFIX_HEADER = YES;
				GCC_PREFIX_HEADER = "Clocker/Clocker-Prefix.pch";
				"GCC_PREPROCESSOR_DEFINITIONS[arch=*]" = RELEASE;
				GCC_TREAT_IMPLICIT_FUNCTION_DECLARATIONS_AS_ERRORS = YES;
				GCC_TREAT_INCOMPATIBLE_POINTER_TYPE_WARNINGS_AS_ERRORS = YES;
				GCC_TREAT_WARNINGS_AS_ERRORS = YES;
				GCC_WARN_ABOUT_DEPRECATED_FUNCTIONS = YES;
				GCC_WARN_ABOUT_MISSING_FIELD_INITIALIZERS = YES;
				GCC_WARN_ABOUT_MISSING_NEWLINE = YES;
				GCC_WARN_FOUR_CHARACTER_CONSTANTS = YES;
				GCC_WARN_INITIALIZER_NOT_FULLY_BRACKETED = YES;
				GCC_WARN_SHADOW = YES;
				GCC_WARN_SIGN_COMPARE = YES;
				GCC_WARN_STRICT_SELECTOR_MATCH = YES;
				GCC_WARN_UNKNOWN_PRAGMAS = YES;
				GCC_WARN_UNUSED_LABEL = YES;
				GCC_WARN_UNUSED_PARAMETER = NO;
				INFOPLIST_FILE = "Clocker/Clocker-Info.plist";
				LD_RUNPATH_SEARCH_PATHS = (
					"$(inherited)",
					"@executable_path/../Frameworks",
				);
				MACOSX_DEPLOYMENT_TARGET = 13.0;
				MARKETING_VERSION = 2.0.0;
				ONLY_ACTIVE_ARCH = YES;
				OTHER_LDFLAGS = "-ObjC";
				"OTHER_SWIFT_FLAGS[arch=*]" = "-D RELEASE";
				PRODUCT_BUNDLE_IDENTIFIER = com.tpak.Meridian;
				PRODUCT_NAME = Meridian;
				PROVISIONING_PROFILE = "";
				PROVISIONING_PROFILE_SPECIFIER = "";
				RUN_CLANG_STATIC_ANALYZER = YES;
				SDKROOT = macosx;
				SWIFT_TREAT_WARNINGS_AS_ERRORS = YES;
				SWIFT_VERSION = 5.0;
				VERSIONING_SYSTEM = "apple-generic";
				WRAPPER_EXTENSION = app;
			};
			name = Release;
		};
/* End XCBuildConfiguration section */

/* Begin XCConfigurationList section */
		C20839D221515C1F00C86589 /* Build configuration list for PBXNativeTarget "ClockerUnitTests" */ = {
			isa = XCConfigurationList;
			buildConfigurations = (
				C20839CE21515C1F00C86589 /* Debug */,
				C20839CF21515C1F00C86589 /* Release */,
				C20839D021515C1F00C86589 /* Distribution */,
			);
			defaultConfigurationIsVisible = 0;
			defaultConfigurationName = Debug;
		};
		C2BFE3EA2049F82300825BE5 /* Build configuration list for PBXNativeTarget "ClockerUITests" */ = {
			isa = XCConfigurationList;
			buildConfigurations = (
				C2BFE3EB2049F82300825BE5 /* Debug */,
				C2BFE3EC2049F82300825BE5 /* Release */,
				C2BFE3ED2049F82300825BE5 /* Distribution */,
			);
			defaultConfigurationIsVisible = 0;
			defaultConfigurationName = Debug;
		};
		DD4F7BFE13C30F9F00825C6E /* Build configuration list for PBXProject "Clocker" */ = {
			isa = XCConfigurationList;
			buildConfigurations = (
				DD4F7C2013C30F9F00825C6E /* Debug */,
				DD4F7C2113C30F9F00825C6E /* Release */,
				9A5B1A8B1BECDB5B00A77C68 /* Distribution */,
			);
			defaultConfigurationIsVisible = 0;
			defaultConfigurationName = Debug;
		};
		DD4F7C2213C30F9F00825C6E /* Build configuration list for PBXNativeTarget "Clocker" */ = {
			isa = XCConfigurationList;
			buildConfigurations = (
				DD4F7C2313C30F9F00825C6E /* Debug */,
				DD4F7C2413C30F9F00825C6E /* Release */,
				9A5B1A8C1BECDB5B00A77C68 /* Distribution */,
			);
			defaultConfigurationIsVisible = 0;
			defaultConfigurationName = Debug;
		};
/* End XCConfigurationList section */

/* Begin XCSwiftPackageProductDependency section */
		35B2FEDC259A2291005DA84D /* CoreLoggerKit */ = {
			isa = XCSwiftPackageProductDependency;
			productName = CoreLoggerKit;
		};
		35B2FEF0259A2DB1005DA84D /* CoreModelKit */ = {
			isa = XCSwiftPackageProductDependency;
			productName = CoreModelKit;
		};
/* End XCSwiftPackageProductDependency section */
	};
	rootObject = DD4F7BFB13C30F9F00825C6E /* Project object */;
}
